// !$*UTF8*$!
{
	archiveVersion = 1;
	classes = {
	};
	objectVersion = 77;
	objects = {

/* Begin PBXBuildFile section */
		34C98FEE3858CA6C34F2EABD /* MacScreenCaptureController.swift in Sources */ = {isa = PBXBuildFile; fileRef = DA2E04856A869D3335D0E087 /* MacScreenCaptureController.swift */; };
		4463FB44DC6DB058EA8D6CCB /* MacLibraryView.swift in Sources */ = {isa = PBXBuildFile; fileRef = C587152DBE8A22113A9D6AC6 /* MacLibraryView.swift */; };
		6187837CCBB92F81FD70EDF6 /* MacL10n.swift in Sources */ = {isa = PBXBuildFile; fileRef = 995F7E6F291E47A390D6D53D /* MacL10n.swift */; };
		876487A8AF883EFBA9059258 /* TranscriberDomain in Frameworks */ = {isa = PBXBuildFile; productRef = E0B2A813EFB2F988E6C1C94A /* TranscriberDomain */; };
		9DDFF748602DBC53129CFFD0 /* MacRecordingLibrary.swift in Sources */ = {isa = PBXBuildFile; fileRef = 9AE231E53B75AEC0B70FDE28 /* MacRecordingLibrary.swift */; };
		A48F098CCFCC4C5251695080 /* LiveTranscriberMacApp.swift in Sources */ = {isa = PBXBuildFile; fileRef = 92EDB649F0FE3E9F9AC8E2C0 /* LiveTranscriberMacApp.swift */; };
		B677D5BE189245624DAEC599 /* MacRootView.swift in Sources */ = {isa = PBXBuildFile; fileRef = A3AE257FB6CBB7815E9751D0 /* MacRootView.swift */; };
		D32FD5FC2FAAE6263FE27042 /* MacCaptureAudioWriter.swift in Sources */ = {isa = PBXBuildFile; fileRef = B3CEF0BB0D8D8128DE026B34 /* MacCaptureAudioWriter.swift */; };
		D72B66215A305AB9C7E8DDF8 /* MacRecordingLibraryTests.swift in Sources */ = {isa = PBXBuildFile; fileRef = 8C906EB3C28543FF1A5FB7D0 /* MacRecordingLibraryTests.swift */; };
		DCFEC4BBB9BBDAF98965CD76 /* MacCaptureModelsTests.swift in Sources */ = {isa = PBXBuildFile; fileRef = E06181BD244270B61D14BFD2 /* MacCaptureModelsTests.swift */; };
		E39D331383A3301F1FA3394F /* MacCaptureModels.swift in Sources */ = {isa = PBXBuildFile; fileRef = FBD26F6213B21E8CA239B87C /* MacCaptureModels.swift */; };
		EA9CE6280A8B76F7DEFC330E /* TranscriberCore in Frameworks */ = {isa = PBXBuildFile; productRef = B514CD646E50CFF75485A278 /* TranscriberCore */; };
		EF712175B7EE7E9C18EE5F34 /* MacCaptureView.swift in Sources */ = {isa = PBXBuildFile; fileRef = 9155681E6CC50BF8489194DF /* MacCaptureView.swift */; };
		FE2BA9F312B9689518541239 /* MacRecordingPlayer.swift in Sources */ = {isa = PBXBuildFile; fileRef = 69CE1BEF718507DB921FBF12 /* MacRecordingPlayer.swift */; };
/* End PBXBuildFile section */

/* Begin PBXContainerItemProxy section */
		368F6643AC14E4BE34E6B3E5 /* PBXContainerItemProxy */ = {
			isa = PBXContainerItemProxy;
			containerPortal = E67CA6EEF2536957A7550E0F /* Project object */;
			proxyType = 1;
			remoteGlobalIDString = 785D1AA9E16D037234E434C6;
			remoteInfo = LiveTranscriberMac;
		};
/* End PBXContainerItemProxy section */

/* Begin PBXFileReference section */
		2470C7C27246AF9E5C609031 /* LiveTranscriberMac.app */ = {isa = PBXFileReference; explicitFileType = wrapper.application; includeInIndex = 0; path = LiveTranscriberMac.app; sourceTree = BUILT_PRODUCTS_DIR; };
		3D1E550DDA30966FACB8E7BC /* LiveTranscriberMacTests.xctest */ = {isa = PBXFileReference; explicitFileType = wrapper.cfbundle; includeInIndex = 0; path = LiveTranscriberMacTests.xctest; sourceTree = BUILT_PRODUCTS_DIR; };
		69CE1BEF718507DB921FBF12 /* MacRecordingPlayer.swift */ = {isa = PBXFileReference; lastKnownFileType = sourcecode.swift; path = MacRecordingPlayer.swift; sourceTree = "<group>"; };
		8C906EB3C28543FF1A5FB7D0 /* MacRecordingLibraryTests.swift */ = {isa = PBXFileReference; lastKnownFileType = sourcecode.swift; path = MacRecordingLibraryTests.swift; sourceTree = "<group>"; };
		9155681E6CC50BF8489194DF /* MacCaptureView.swift */ = {isa = PBXFileReference; lastKnownFileType = sourcecode.swift; path = MacCaptureView.swift; sourceTree = "<group>"; };
		92EDB649F0FE3E9F9AC8E2C0 /* LiveTranscriberMacApp.swift */ = {isa = PBXFileReference; lastKnownFileType = sourcecode.swift; path = LiveTranscriberMacApp.swift; sourceTree = "<group>"; };
		995F7E6F291E47A390D6D53D /* MacL10n.swift */ = {isa = PBXFileReference; lastKnownFileType = sourcecode.swift; path = MacL10n.swift; sourceTree = "<group>"; };
		9AE231E53B75AEC0B70FDE28 /* MacRecordingLibrary.swift */ = {isa = PBXFileReference; lastKnownFileType = sourcecode.swift; path = MacRecordingLibrary.swift; sourceTree = "<group>"; };
		A3AE257FB6CBB7815E9751D0 /* MacRootView.swift */ = {isa = PBXFileReference; lastKnownFileType = sourcecode.swift; path = MacRootView.swift; sourceTree = "<group>"; };
		B2E20A2F0A072F466C62C4BF /* TranscriberDomain */ = {isa = PBXFileReference; lastKnownFileType = folder; name = TranscriberDomain; path = ../Packages/TranscriberDomain; sourceTree = SOURCE_ROOT; };
		B3CEF0BB0D8D8128DE026B34 /* MacCaptureAudioWriter.swift */ = {isa = PBXFileReference; lastKnownFileType = sourcecode.swift; path = MacCaptureAudioWriter.swift; sourceTree = "<group>"; };
		C587152DBE8A22113A9D6AC6 /* MacLibraryView.swift */ = {isa = PBXFileReference; lastKnownFileType = sourcecode.swift; path = MacLibraryView.swift; sourceTree = "<group>"; };
		DA2E04856A869D3335D0E087 /* MacScreenCaptureController.swift */ = {isa = PBXFileReference; lastKnownFileType = sourcecode.swift; path = MacScreenCaptureController.swift; sourceTree = "<group>"; };
		E06181BD244270B61D14BFD2 /* MacCaptureModelsTests.swift */ = {isa = PBXFileReference; lastKnownFileType = sourcecode.swift; path = MacCaptureModelsTests.swift; sourceTree = "<group>"; };
		FBD26F6213B21E8CA239B87C /* MacCaptureModels.swift */ = {isa = PBXFileReference; lastKnownFileType = sourcecode.swift; path = MacCaptureModels.swift; sourceTree = "<group>"; };
/* End PBXFileReference section */

/* Begin PBXFrameworksBuildPhase section */
		9FCD3D764DF22B25CE99B110 /* Frameworks */ = {
			isa = PBXFrameworksBuildPhase;
			buildActionMask = 2147483647;
			files = (
				876487A8AF883EFBA9059258 /* TranscriberDomain in Frameworks */,
				EA9CE6280A8B76F7DEFC330E /* TranscriberCore in Frameworks */,
			);
			runOnlyForDeploymentPostprocessing = 0;
		};
/* End PBXFrameworksBuildPhase section */

/* Begin PBXGroup section */
		1B5F14B4F66E73881693571D /* Packages */ = {
			isa = PBXGroup;
			children = (
				B2E20A2F0A072F466C62C4BF /* TranscriberDomain */,
			);
			name = Packages;
			sourceTree = "<group>";
		};
		26AE504ED635E07D2646A20A /* Products */ = {
			isa = PBXGroup;
			children = (
				2470C7C27246AF9E5C609031 /* LiveTranscriberMac.app */,
				3D1E550DDA30966FACB8E7BC /* LiveTranscriberMacTests.xctest */,
			);
			name = Products;
			sourceTree = "<group>";
		};
		2F78FB967921AFBE909CDCB7 /* Tests */ = {
			isa = PBXGroup;
			children = (
				E06181BD244270B61D14BFD2 /* MacCaptureModelsTests.swift */,
				8C906EB3C28543FF1A5FB7D0 /* MacRecordingLibraryTests.swift */,
			);
			path = Tests;
			sourceTree = "<group>";
		};
		67383329FEB00399BAEF0B60 = {
			isa = PBXGroup;
			children = (
				1B5F14B4F66E73881693571D /* Packages */,
				AA52ABA7ABC2D9FD92B5C2E6 /* Sources */,
				2F78FB967921AFBE909CDCB7 /* Tests */,
				26AE504ED635E07D2646A20A /* Products */,
			);
			sourceTree = "<group>";
		};
		AA52ABA7ABC2D9FD92B5C2E6 /* Sources */ = {
			isa = PBXGroup;
			children = (
				92EDB649F0FE3E9F9AC8E2C0 /* LiveTranscriberMacApp.swift */,
				B3CEF0BB0D8D8128DE026B34 /* MacCaptureAudioWriter.swift */,
				FBD26F6213B21E8CA239B87C /* MacCaptureModels.swift */,
				9155681E6CC50BF8489194DF /* MacCaptureView.swift */,
				995F7E6F291E47A390D6D53D /* MacL10n.swift */,
				C587152DBE8A22113A9D6AC6 /* MacLibraryView.swift */,
				9AE231E53B75AEC0B70FDE28 /* MacRecordingLibrary.swift */,
				69CE1BEF718507DB921FBF12 /* MacRecordingPlayer.swift */,
				A3AE257FB6CBB7815E9751D0 /* MacRootView.swift */,
				DA2E04856A869D3335D0E087 /* MacScreenCaptureController.swift */,
			);
			path = Sources;
			sourceTree = "<group>";
		};
/* End PBXGroup section */

/* Begin PBXNativeTarget section */
		785D1AA9E16D037234E434C6 /* LiveTranscriberMac */ = {
			isa = PBXNativeTarget;
			buildConfigurationList = EBE06B15A61F38E8B6EDE506 /* Build configuration list for PBXNativeTarget "LiveTranscriberMac" */;
			buildPhases = (
				5E3432995B199D5F59D913D5 /* Sources */,
				9FCD3D764DF22B25CE99B110 /* Frameworks */,
			);
			buildRules = (
			);
			dependencies = (
			);
			name = LiveTranscriberMac;
			packageProductDependencies = (
				E0B2A813EFB2F988E6C1C94A /* TranscriberDomain */,
				B514CD646E50CFF75485A278 /* TranscriberCore */,
			);
			productName = LiveTranscriberMac;
			productReference = 2470C7C27246AF9E5C609031 /* LiveTranscriberMac.app */;
			productType = "com.apple.product-type.application";
		};
		F010A0C149C1874C1983E956 /* LiveTranscriberMacTests */ = {
			isa = PBXNativeTarget;
			buildConfigurationList = CD18CEAA87E05E6D949C57BE /* Build configuration list for PBXNativeTarget "LiveTranscriberMacTests" */;
			buildPhases = (
				9AEED1A81FEC37ADB709F517 /* Sources */,
			);
			buildRules = (
			);
			dependencies = (
				EA414EDD63E0653E7E97E311 /* PBXTargetDependency */,
			);
			name = LiveTranscriberMacTests;
			packageProductDependencies = (
			);
			productName = LiveTranscriberMacTests;
			productReference = 3D1E550DDA30966FACB8E7BC /* LiveTranscriberMacTests.xctest */;
			productType = "com.apple.product-type.bundle.unit-test";
		};
/* End PBXNativeTarget section */

/* Begin PBXProject section */
		E67CA6EEF2536957A7550E0F /* Project object */ = {
			isa = PBXProject;
			attributes = {
				BuildIndependentTargetsInParallel = YES;
				LastUpgradeCheck = 1430;
				TargetAttributes = {
					785D1AA9E16D037234E434C6 = {
						DevelopmentTeam = F8M4T754W4;
						ProvisioningStyle = Automatic;
					};
					F010A0C149C1874C1983E956 = {
						DevelopmentTeam = F8M4T754W4;
					};
				};
			};
			buildConfigurationList = EE37AF8B77D51F28B9EF5624 /* Build configuration list for PBXProject "LiveTranscriberMac" */;
			developmentRegion = en;
			hasScannedForEncodings = 0;
			knownRegions = (
				Base,
				en,
			);
			mainGroup = 67383329FEB00399BAEF0B60;
			minimizedProjectReferenceProxies = 1;
			packageReferences = (
				8D4C5B570667A664567F54EB /* XCLocalSwiftPackageReference "../Packages/TranscriberDomain" */,
			);
			preferredProjectObjectVersion = 77;
			productRefGroup = 26AE504ED635E07D2646A20A /* Products */;
			projectDirPath = "";
			projectRoot = "";
			targets = (
				785D1AA9E16D037234E434C6 /* LiveTranscriberMac */,
				F010A0C149C1874C1983E956 /* LiveTranscriberMacTests */,
			);
		};
/* End PBXProject section */

/* Begin PBXSourcesBuildPhase section */
		5E3432995B199D5F59D913D5 /* Sources */ = {
			isa = PBXSourcesBuildPhase;
			buildActionMask = 2147483647;
			files = (
				A48F098CCFCC4C5251695080 /* LiveTranscriberMacApp.swift in Sources */,
				D32FD5FC2FAAE6263FE27042 /* MacCaptureAudioWriter.swift in Sources */,
				E39D331383A3301F1FA3394F /* MacCaptureModels.swift in Sources */,
				EF712175B7EE7E9C18EE5F34 /* MacCaptureView.swift in Sources */,
				6187837CCBB92F81FD70EDF6 /* MacL10n.swift in Sources */,
				4463FB44DC6DB058EA8D6CCB /* MacLibraryView.swift in Sources */,
				9DDFF748602DBC53129CFFD0 /* MacRecordingLibrary.swift in Sources */,
				FE2BA9F312B9689518541239 /* MacRecordingPlayer.swift in Sources */,
				B677D5BE189245624DAEC599 /* MacRootView.swift in Sources */,
				34C98FEE3858CA6C34F2EABD /* MacScreenCaptureController.swift in Sources */,
			);
			runOnlyForDeploymentPostprocessing = 0;
		};
		9AEED1A81FEC37ADB709F517 /* Sources */ = {
			isa = PBXSourcesBuildPhase;
			buildActionMask = 2147483647;
			files = (
				DCFEC4BBB9BBDAF98965CD76 /* MacCaptureModelsTests.swift in Sources */,
				D72B66215A305AB9C7E8DDF8 /* MacRecordingLibraryTests.swift in Sources */,
			);
			runOnlyForDeploymentPostprocessing = 0;
		};
/* End PBXSourcesBuildPhase section */

/* Begin PBXTargetDependency section */
		EA414EDD63E0653E7E97E311 /* PBXTargetDependency */ = {
			isa = PBXTargetDependency;
			target = 785D1AA9E16D037234E434C6 /* LiveTranscriberMac */;
			targetProxy = 368F6643AC14E4BE34E6B3E5 /* PBXContainerItemProxy */;
		};
/* End PBXTargetDependency section */

/* Begin XCBuildConfiguration section */
		3E7E0E150B5EF668215A57F6 /* Debug */ = {
			isa = XCBuildConfiguration;
			buildSettings = {
				ASSETCATALOG_COMPILER_APPICON_NAME = AppIcon;
				CODE_SIGN_ENTITLEMENTS = LiveTranscriberMac.entitlements;
				CODE_SIGN_STYLE = Automatic;
				COMBINE_HIDPI_IMAGES = YES;
				CURRENT_PROJECT_VERSION = 1;
				ENABLE_HARDENED_RUNTIME = YES;
				GENERATE_INFOPLIST_FILE = NO;
				INFOPLIST_FILE = Info.plist;
				LD_RUNPATH_SEARCH_PATHS = (
					"$(inherited)",
					"@executable_path/../Frameworks",
				);
				MACOSX_DEPLOYMENT_TARGET = 15.0;
				MARKETING_VERSION = 1.0;
				PRODUCT_BUNDLE_IDENTIFIER = com.iamwilliamli.LiveTranscriber.mac;
				PRODUCT_MODULE_NAME = LiveTranscriberMac;
				PRODUCT_NAME = "Live Transcriber";
				SDKROOT = macosx;
				SWIFT_EMIT_LOC_STRINGS = YES;
			};
			name = Debug;
		};
		42BEBE279BD80E0DAE4DE8FE /* Release */ = {
			isa = XCBuildConfiguration;
			buildSettings = {
				ASSETCATALOG_COMPILER_APPICON_NAME = AppIcon;
				CODE_SIGN_ENTITLEMENTS = LiveTranscriberMac.entitlements;
				CODE_SIGN_STYLE = Automatic;
				COMBINE_HIDPI_IMAGES = YES;
				CURRENT_PROJECT_VERSION = 1;
				ENABLE_HARDENED_RUNTIME = YES;
				GENERATE_INFOPLIST_FILE = NO;
				INFOPLIST_FILE = Info.plist;
				LD_RUNPATH_SEARCH_PATHS = (
					"$(inherited)",
					"@executable_path/../Frameworks",
				);
				MACOSX_DEPLOYMENT_TARGET = 15.0;
				MARKETING_VERSION = 1.0;
				PRODUCT_BUNDLE_IDENTIFIER = com.iamwilliamli.LiveTranscriber.mac;
				PRODUCT_MODULE_NAME = LiveTranscriberMac;
				PRODUCT_NAME = "Live Transcriber";
				SDKROOT = macosx;
				SWIFT_EMIT_LOC_STRINGS = YES;
			};
			name = Release;
		};
		5D4BC74885AA65B818E624E8 /* Release */ = {
			isa = XCBuildConfiguration;
			buildSettings = {
				BUNDLE_LOADER = "$(TEST_HOST)";
				COMBINE_HIDPI_IMAGES = YES;
				GENERATE_INFOPLIST_FILE = YES;
				LD_RUNPATH_SEARCH_PATHS = (
					"$(inherited)",
					"@executable_path/../Frameworks",
					"@loader_path/../Frameworks",
				);
				MACOSX_DEPLOYMENT_TARGET = 15.0;
				PRODUCT_BUNDLE_IDENTIFIER = com.iamwilliamli.LiveTranscriber.mac.tests;
				SDKROOT = macosx;
				TEST_HOST = "$(BUILT_PRODUCTS_DIR)/Live Transcriber.app/Contents/MacOS/Live Transcriber";
			};
			name = Release;
		};
		8E9EA696E7345AAF73ED5A65 /* Release */ = {
			isa = XCBuildConfiguration;
			buildSettings = {
				ALWAYS_SEARCH_USER_PATHS = NO;
				CLANG_ANALYZER_NONNULL = YES;
				CLANG_ANALYZER_NUMBER_OBJECT_CONVERSION = YES_AGGRESSIVE;
				CLANG_CXX_LANGUAGE_STANDARD = "gnu++14";
				CLANG_CXX_LIBRARY = "libc++";
				CLANG_ENABLE_MODULES = YES;
				CLANG_ENABLE_OBJC_ARC = YES;
				CLANG_ENABLE_OBJC_WEAK = YES;
				CLANG_WARN_BLOCK_CAPTURE_AUTORELEASING = YES;
				CLANG_WARN_BOOL_CONVERSION = YES;
				CLANG_WARN_COMMA = YES;
				CLANG_WARN_CONSTANT_CONVERSION = YES;
				CLANG_WARN_DEPRECATED_OBJC_IMPLEMENTATIONS = YES;
				CLANG_WARN_DIRECT_OBJC_ISA_USAGE = YES_ERROR;
				CLANG_WARN_DOCUMENTATION_COMMENTS = YES;
				CLANG_WARN_EMPTY_BODY = YES;
				CLANG_WARN_ENUM_CONVERSION = YES;
				CLANG_WARN_INFINITE_RECURSION = YES;
				CLANG_WARN_INT_CONVERSION = YES;
				CLANG_WARN_NON_LITERAL_NULL_CONVERSION = YES;
				CLANG_WARN_OBJC_IMPLICIT_RETAIN_SELF = YES;
				CLANG_WARN_OBJC_LITERAL_CONVERSION = YES;
				CLANG_WARN_OBJC_ROOT_CLASS = YES_ERROR;
				CLANG_WARN_QUOTED_INCLUDE_IN_FRAMEWORK_HEADER = YES;
				CLANG_WARN_RANGE_LOOP_ANALYSIS = YES;
				CLANG_WARN_STRICT_PROTOTYPES = YES;
				CLANG_WARN_SUSPICIOUS_MOVE = YES;
				CLANG_WARN_UNGUARDED_AVAILABILITY = YES_AGGRESSIVE;
				CLANG_WARN_UNREACHABLE_CODE = YES;
				CLANG_WARN__DUPLICATE_METHOD_MATCH = YES;
				COPY_PHASE_STRIP = NO;
				DEBUG_INFORMATION_FORMAT = "dwarf-with-dsym";
				DEVELOPMENT_TEAM = F8M4T754W4;
				ENABLE_NS_ASSERTIONS = NO;
				ENABLE_STRICT_OBJC_MSGSEND = YES;
				GCC_C_LANGUAGE_STANDARD = gnu11;
				GCC_NO_COMMON_BLOCKS = YES;
				GCC_WARN_64_TO_32_BIT_CONVERSION = YES;
				GCC_WARN_ABOUT_RETURN_TYPE = YES_ERROR;
				GCC_WARN_UNDECLARED_SELECTOR = YES;
				GCC_WARN_UNINITIALIZED_AUTOS = YES_AGGRESSIVE;
				GCC_WARN_UNUSED_FUNCTION = YES;
				GCC_WARN_UNUSED_VARIABLE = YES;
				MACOSX_DEPLOYMENT_TARGET = 15.0;
				MTL_ENABLE_DEBUG_INFO = NO;
				MTL_FAST_MATH = YES;
				PRODUCT_NAME = "$(TARGET_NAME)";
				SDKROOT = macosx;
				SWIFT_COMPILATION_MODE = wholemodule;
				SWIFT_OPTIMIZATION_LEVEL = "-O";
				SWIFT_VERSION = 5.0;
			};
			name = Release;
		};
		9526B23E1E73C345A9804213 /* Debug */ = {
			isa = XCBuildConfiguration;
			buildSettings = {
				BUNDLE_LOADER = "$(TEST_HOST)";
				COMBINE_HIDPI_IMAGES = YES;
				GENERATE_INFOPLIST_FILE = YES;
				LD_RUNPATH_SEARCH_PATHS = (
					"$(inherited)",
					"@executable_path/../Frameworks",
					"@loader_path/../Frameworks",
				);
				MACOSX_DEPLOYMENT_TARGET = 15.0;
				PRODUCT_BUNDLE_IDENTIFIER = com.iamwilliamli.LiveTranscriber.mac.tests;
				SDKROOT = macosx;
				TEST_HOST = "$(BUILT_PRODUCTS_DIR)/Live Transcriber.app/Contents/MacOS/Live Transcriber";
			};
			name = Debug;
		};
		D4E1D683C8D1EFA6A3E7C48F /* Debug */ = {
			isa = XCBuildConfiguration;
			buildSettings = {
				ALWAYS_SEARCH_USER_PATHS = NO;
				CLANG_ANALYZER_NONNULL = YES;
				CLANG_ANALYZER_NUMBER_OBJECT_CONVERSION = YES_AGGRESSIVE;
				CLANG_CXX_LANGUAGE_STANDARD = "gnu++14";
				CLANG_CXX_LIBRARY = "libc++";
				CLANG_ENABLE_MODULES = YES;
				CLANG_ENABLE_OBJC_ARC = YES;
				CLANG_ENABLE_OBJC_WEAK = YES;
				CLANG_WARN_BLOCK_CAPTURE_AUTORELEASING = YES;
				CLANG_WARN_BOOL_CONVERSION = YES;
				CLANG_WARN_COMMA = YES;
				CLANG_WARN_CONSTANT_CONVERSION = YES;
				CLANG_WARN_DEPRECATED_OBJC_IMPLEMENTATIONS = YES;
				CLANG_WARN_DIRECT_OBJC_ISA_USAGE = YES_ERROR;
				CLANG_WARN_DOCUMENTATION_COMMENTS = YES;
				CLANG_WARN_EMPTY_BODY = YES;
				CLANG_WARN_ENUM_CONVERSION = YES;
				CLANG_WARN_INFINITE_RECURSION = YES;
				CLANG_WARN_INT_CONVERSION = YES;
				CLANG_WARN_NON_LITERAL_NULL_CONVERSION = YES;
				CLANG_WARN_OBJC_IMPLICIT_RETAIN_SELF = YES;
				CLANG_WARN_OBJC_LITERAL_CONVERSION = YES;
				CLANG_WARN_OBJC_ROOT_CLASS = YES_ERROR;
				CLANG_WARN_QUOTED_INCLUDE_IN_FRAMEWORK_HEADER = YES;
				CLANG_WARN_RANGE_LOOP_ANALYSIS = YES;
				CLANG_WARN_STRICT_PROTOTYPES = YES;
				CLANG_WARN_SUSPICIOUS_MOVE = YES;
				CLANG_WARN_UNGUARDED_AVAILABILITY = YES_AGGRESSIVE;
				CLANG_WARN_UNREACHABLE_CODE = YES;
				CLANG_WARN__DUPLICATE_METHOD_MATCH = YES;
				COPY_PHASE_STRIP = NO;
				DEBUG_INFORMATION_FORMAT = dwarf;
				DEVELOPMENT_TEAM = F8M4T754W4;
				ENABLE_STRICT_OBJC_MSGSEND = YES;
				ENABLE_TESTABILITY = YES;
				GCC_C_LANGUAGE_STANDARD = gnu11;
				GCC_DYNAMIC_NO_PIC = NO;
				GCC_NO_COMMON_BLOCKS = YES;
				GCC_OPTIMIZATION_LEVEL = 0;
				GCC_PREPROCESSOR_DEFINITIONS = (
					"$(inherited)",
					"DEBUG=1",
				);
				GCC_WARN_64_TO_32_BIT_CONVERSION = YES;
				GCC_WARN_ABOUT_RETURN_TYPE = YES_ERROR;
				GCC_WARN_UNDECLARED_SELECTOR = YES;
				GCC_WARN_UNINITIALIZED_AUTOS = YES_AGGRESSIVE;
				GCC_WARN_UNUSED_FUNCTION = YES;
				GCC_WARN_UNUSED_VARIABLE = YES;
				MACOSX_DEPLOYMENT_TARGET = 15.0;
				MTL_ENABLE_DEBUG_INFO = INCLUDE_SOURCE;
				MTL_FAST_MATH = YES;
				ONLY_ACTIVE_ARCH = YES;
				PRODUCT_NAME = "$(TARGET_NAME)";
				SDKROOT = macosx;
				SWIFT_ACTIVE_COMPILATION_CONDITIONS = DEBUG;
				SWIFT_OPTIMIZATION_LEVEL = "-Onone";
				SWIFT_VERSION = 5.0;
			};
			name = Debug;
		};
/* End XCBuildConfiguration section */

/* Begin XCConfigurationList section */
		CD18CEAA87E05E6D949C57BE /* Build configuration list for PBXNativeTarget "LiveTranscriberMacTests" */ = {
			isa = XCConfigurationList;
			buildConfigurations = (
				9526B23E1E73C345A9804213 /* Debug */,
				5D4BC74885AA65B818E624E8 /* Release */,
			);
			defaultConfigurationIsVisible = 0;
			defaultConfigurationName = Debug;
		};
		EBE06B15A61F38E8B6EDE506 /* Build configuration list for PBXNativeTarget "LiveTranscriberMac" */ = {
			isa = XCConfigurationList;
			buildConfigurations = (
				3E7E0E150B5EF668215A57F6 /* Debug */,
				42BEBE279BD80E0DAE4DE8FE /* Release */,
			);
			defaultConfigurationIsVisible = 0;
			defaultConfigurationName = Debug;
		};
		EE37AF8B77D51F28B9EF5624 /* Build configuration list for PBXProject "LiveTranscriberMac" */ = {
			isa = XCConfigurationList;
			buildConfigurations = (
				D4E1D683C8D1EFA6A3E7C48F /* Debug */,
				8E9EA696E7345AAF73ED5A65 /* Release */,
			);
			defaultConfigurationIsVisible = 0;
			defaultConfigurationName = Debug;
		};
/* End XCConfigurationList section */

/* Begin XCLocalSwiftPackageReference section */
		8D4C5B570667A664567F54EB /* XCLocalSwiftPackageReference "../Packages/TranscriberDomain" */ = {
			isa = XCLocalSwiftPackageReference;
			relativePath = ../Packages/TranscriberDomain;
		};
/* End XCLocalSwiftPackageReference section */

/* Begin XCSwiftPackageProductDependency section */
		B514CD646E50CFF75485A278 /* TranscriberCore */ = {
			isa = XCSwiftPackageProductDependency;
			productName = TranscriberCore;
		};
		E0B2A813EFB2F988E6C1C94A /* TranscriberDomain */ = {
			isa = XCSwiftPackageProductDependency;
			productName = TranscriberDomain;
		};
/* End XCSwiftPackageProductDependency section */
	};
	rootObject = E67CA6EEF2536957A7550E0F /* Project object */;
}
