// !$*UTF8*$!
{
	archiveVersion = 1;
	classes = {
	};
	objectVersion = 77;
	objects = {

/* Begin PBXBuildFile section */
		094ED793FBB8D2DB5708909F /* AppTypography.swift in Sources */ = {isa = PBXBuildFile; fileRef = D00F7A96162B638213442082 /* AppTypography.swift */; };
		0AD62569FF1854516A5DEFC4 /* RecordingChatView.swift in Sources */ = {isa = PBXBuildFile; fileRef = A56198AE27D863457982C6A4 /* RecordingChatView.swift */; };
		0E20F9C1B5154A261F62BEE6 /* RecordingStore.swift in Sources */ = {isa = PBXBuildFile; fileRef = 3B4A0272DDE0E94A29FF650E /* RecordingStore.swift */; };
		0F5B86DB607D461623B6A372 /* Assets.xcassets in Resources */ = {isa = PBXBuildFile; fileRef = 0FFC27E545DDFBF852D1CD71 /* Assets.xcassets */; };
		10315E164B2703A3B8A0736C /* MeetingAnalysisService.swift in Sources */ = {isa = PBXBuildFile; fileRef = 6C5378A1BABCEA86577053D6 /* MeetingAnalysisService.swift */; };
		129A13F63FEC8D7A2FF563B0 /* RedditSans-Regular.ttf in Resources */ = {isa = PBXBuildFile; fileRef = 14BAA0BAC0AE2E96DE17783B /* RedditSans-Regular.ttf */; };
		13A8F295726EBE460D0A3D95 /* EmptyStateView.swift in Sources */ = {isa = PBXBuildFile; fileRef = 962AE5C628777B10D5FB4979 /* EmptyStateView.swift */; };
		170A72B2C38847CB0E95D603 /* RedditSans-Medium.ttf in Resources */ = {isa = PBXBuildFile; fileRef = 197463093921BB48BFE55B44 /* RedditSans-Medium.ttf */; };
		1B25B1963ED448DCF1D6605B /* TranscriberDomain in Frameworks */ = {isa = PBXBuildFile; productRef = 6CDEFD7C2E0E757604993993 /* TranscriberDomain */; };
		1C00237BA674A270F0023AF4 /* LaunchSplashView.swift in Sources */ = {isa = PBXBuildFile; fileRef = DCD310802F05ACE62EAF695A /* LaunchSplashView.swift */; };
		22ECDECB72EB03E2230B2DFD /* AppPasteboard.swift in Sources */ = {isa = PBXBuildFile; fileRef = B10B228C7B70D6BB5EE753FC /* AppPasteboard.swift */; };
		2662A54E72C5F33E6824BF5C /* AppleSpeechTranscriptionSupport.swift in Sources */ = {isa = PBXBuildFile; fileRef = B8F96DA3E91DB04C2401E630 /* AppleSpeechTranscriptionSupport.swift */; };
		280B1A95004B4D8EDD0E40D1 /* InfoPlist.strings in Resources */ = {isa = PBXBuildFile; fileRef = BFE7AE3A85F94327A148CD2F /* InfoPlist.strings */; };
		378E609572DC557F4E2FC46F /* MacTranscriptionView.swift in Sources */ = {isa = PBXBuildFile; fileRef = 323A0326604C5A12F31ABB3B /* MacTranscriptionView.swift */; };
		38893A4A3DBC5792C0333BE0 /* MacRecordingsView.swift in Sources */ = {isa = PBXBuildFile; fileRef = 714575939423F5BA991563BA /* MacRecordingsView.swift */; };
		3A90821B0C625F2AA882457B /* TranscriptionLanguage.swift in Sources */ = {isa = PBXBuildFile; fileRef = 5B2CF7C10055A32435E64EF0 /* TranscriptionLanguage.swift */; };
		438DCCE2560B46A14009EC64 /* MacSupportStubs.swift in Sources */ = {isa = PBXBuildFile; fileRef = 35481135B6FF749B22AC1C75 /* MacSupportStubs.swift */; };
		475C256515E119EE53CE2FBF /* TranscriptContextBuilder.swift in Sources */ = {isa = PBXBuildFile; fileRef = 2CD443BE33B5872DCA9D6A95 /* TranscriptContextBuilder.swift */; };
		487AB650D7DFC5C8F6A89AA6 /* MacSystemAudioCaptureTests.swift in Sources */ = {isa = PBXBuildFile; fileRef = 9D9AFFD255F38840CA2F5FF9 /* MacSystemAudioCaptureTests.swift */; };
		55C2592AB0F02977A18E5BB8 /* ReminderExportService.swift in Sources */ = {isa = PBXBuildFile; fileRef = 0C7007558BD1FB3D7EF0908C /* ReminderExportService.swift */; };
		5986345461DEED27509BA115 /* AppleTranslationLanguages.swift in Sources */ = {isa = PBXBuildFile; fileRef = 1BBEA8E293C582A020907DD2 /* AppleTranslationLanguages.swift */; };
		5D7D9FFD7B2382D8C9EBCA82 /* whisper.xcframework in Frameworks */ = {isa = PBXBuildFile; fileRef = B181EABBEA311AC3C5C0A516 /* whisper.xcframework */; };
		5E8D0FF0F7DC9AC7DF985B0C /* GeminiCloudService.swift in Sources */ = {isa = PBXBuildFile; fileRef = B6F6F8EFBE4AB3DB79F81588 /* GeminiCloudService.swift */; };
		6187837CCBB92F81FD70EDF6 /* MacL10n.swift in Sources */ = {isa = PBXBuildFile; fileRef = 995F7E6F291E47A390D6D53D /* MacL10n.swift */; };
		63AEEC83AD3A7714C486A69C /* whisper.xcframework in Embed Frameworks */ = {isa = PBXBuildFile; fileRef = B181EABBEA311AC3C5C0A516 /* whisper.xcframework */; settings = {ATTRIBUTES = (CodeSignOnCopy, RemoveHeadersOnCopy, ); }; };
		6BECE157DF50FD67B0C782C8 /* RecordingAudioFileInfo.swift in Sources */ = {isa = PBXBuildFile; fileRef = 77CBE83090216D49DB10677A /* RecordingAudioFileInfo.swift */; };
		7053349BD88144DB7FB23329 /* MLXAudioCore in Frameworks */ = {isa = PBXBuildFile; productRef = 65A09FC313CDF5F880C7F21A /* MLXAudioCore */; };
		73158A59C5EB49DCDDAE0DF1 /* MacAppRouterTests.swift in Sources */ = {isa = PBXBuildFile; fileRef = A0D6A7590E00F79DE4B86AD8 /* MacAppRouterTests.swift */; };
		73589EA76D788F22CA0A8F01 /* RedditSans-SemiBold.ttf in Resources */ = {isa = PBXBuildFile; fileRef = B4CF3033EA3598315C13DF00 /* RedditSans-SemiBold.ttf */; };
		76ECF1CA59BEF12A813E83F7 /* llama.xcframework in Frameworks */ = {isa = PBXBuildFile; fileRef = 46DF79EEE4BC0337420BCC2A /* llama.xcframework */; };
		78EB372E9A0B45E7C86B5F02 /* RecordingStorageWorkerTests.swift in Sources */ = {isa = PBXBuildFile; fileRef = C437BFE70454DFFDA1E94003 /* RecordingStorageWorkerTests.swift */; };
		7BD6950FFA57D5E442921E59 /* Qwen3ASR in Frameworks */ = {isa = PBXBuildFile; productRef = 24FE01861B9B42129E29F29E /* Qwen3ASR */; };
		837CADD96B8AA95E8E38C148 /* Semantic.xcstrings in Resources */ = {isa = PBXBuildFile; fileRef = F0BE2BBE4A046B8C04380F05 /* Semantic.xcstrings */; };
		838B0BC2E0D44DBEDEA6A2D6 /* RecordingSiriIntegration.swift in Sources */ = {isa = PBXBuildFile; fileRef = B0C92B8BEC17DBD43717E8C5 /* RecordingSiriIntegration.swift */; };
		844D2E471C8470F60C418EA9 /* MOSSLocalTranscription.swift in Sources */ = {isa = PBXBuildFile; fileRef = 66384B5ECE8C6C51E8E1F064 /* MOSSLocalTranscription.swift */; };
		84C1FE6507BBD4E44B9AEE42 /* LiveTranscriptionBackend.swift in Sources */ = {isa = PBXBuildFile; fileRef = 3E875DC34E4CFCFA93ED9E10 /* LiveTranscriptionBackend.swift */; };
		876487A8AF883EFBA9059258 /* TranscriberDomain in Frameworks */ = {isa = PBXBuildFile; productRef = E0B2A813EFB2F988E6C1C94A /* TranscriberDomain */; };
		88C23F5A7C9027353CBD6953 /* TranscriptExportService.swift in Sources */ = {isa = PBXBuildFile; fileRef = 113D7F1BB39212D888EC5376 /* TranscriptExportService.swift */; };
		896F73F32C2778BEA7BECFE4 /* RecordingCategoryModel.swift in Sources */ = {isa = PBXBuildFile; fileRef = 3657273146F96BD18C5224F6 /* RecordingCategoryModel.swift */; };
		8B831D851B5DB9D56E9F784E /* AudioEvents.xcstrings in Resources */ = {isa = PBXBuildFile; fileRef = 84CF7CD42A7125C505E2246F /* AudioEvents.xcstrings */; };
		93DD0BACE7EA23402D2B23FC /* MacSystemAudioCaptureController.swift in Sources */ = {isa = PBXBuildFile; fileRef = 126AE1F4D9BAFDE91EBC898C /* MacSystemAudioCaptureController.swift */; };
		9CBDE9B6B16F9C6763A9E531 /* MacRecordingSheets.swift in Sources */ = {isa = PBXBuildFile; fileRef = A2EE057ED5E1300279BA44EC /* MacRecordingSheets.swift */; };
		A3E9E2CE787E86219109D68C /* MLXAudioSTT in Frameworks */ = {isa = PBXBuildFile; productRef = 7E37FA2ADBA66E438F18FEBD /* MLXAudioSTT */; };
		A43E18D13FB32BABD509AF36 /* llama.xcframework in Embed Frameworks */ = {isa = PBXBuildFile; fileRef = 46DF79EEE4BC0337420BCC2A /* llama.xcframework */; settings = {ATTRIBUTES = (CodeSignOnCopy, RemoveHeadersOnCopy, ); }; };
		A48F098CCFCC4C5251695080 /* LiveTranscriberMacApp.swift in Sources */ = {isa = PBXBuildFile; fileRef = 92EDB649F0FE3E9F9AC8E2C0 /* LiveTranscriberMacApp.swift */; };
		B43052DECAD6E3B0DC9AB6D1 /* L10nSupport.swift in Sources */ = {isa = PBXBuildFile; fileRef = 2ED05F862BAA7BDA0D5FBEB4 /* L10nSupport.swift */; };
		B53D346D1A78741C00412E22 /* TranscriptLineEditSheet.swift in Sources */ = {isa = PBXBuildFile; fileRef = 5805E62E121A727BEB2A9857 /* TranscriptLineEditSheet.swift */; };
		B677D5BE189245624DAEC599 /* MacRootView.swift in Sources */ = {isa = PBXBuildFile; fileRef = A3AE257FB6CBB7815E9751D0 /* MacRootView.swift */; };
		B729FB3A14D06B36B9EF090F /* TranscriptStorageModel.swift in Sources */ = {isa = PBXBuildFile; fileRef = A753F140D5F898404CC7FBA1 /* TranscriptStorageModel.swift */; };
		BD32F984379697536A4029D2 /* Baloo2-Variable.ttf in Resources */ = {isa = PBXBuildFile; fileRef = 128B5C6013ED492D0CDF520E /* Baloo2-Variable.ttf */; };
		C84EDC64B1F9DE3ED54ED811 /* LocalSummaryIntelligence.swift in Sources */ = {isa = PBXBuildFile; fileRef = C62296427DC5E4E11DAC202A /* LocalSummaryIntelligence.swift */; };
		D18B5E474D07959D8C7C72F7 /* RecordingWaveformSampling.swift in Sources */ = {isa = PBXBuildFile; fileRef = A379E93358EB2F114F9D32ED /* RecordingWaveformSampling.swift */; };
		D292AAC47DF3465DE70F47B4 /* MacRecordingDetailView.swift in Sources */ = {isa = PBXBuildFile; fileRef = 2634230B9223CBD4060D96FF /* MacRecordingDetailView.swift */; };
		D32FD5FC2FAAE6263FE27042 /* MacCaptureAudioWriter.swift in Sources */ = {isa = PBXBuildFile; fileRef = B3CEF0BB0D8D8128DE026B34 /* MacCaptureAudioWriter.swift */; };
		D425B06535D5D79253D559A7 /* L10n.swift in Sources */ = {isa = PBXBuildFile; fileRef = 32A17B100806E2CCE9BDAE4D /* L10n.swift */; };
		D4A4FBDBB3766F983C4245E6 /* RedditSans-Italic.ttf in Resources */ = {isa = PBXBuildFile; fileRef = 54A6E46F200495AC436B4897 /* RedditSans-Italic.ttf */; };
		D5A0805603A42E66EA5EE367 /* MacSemantic.strings in Resources */ = {isa = PBXBuildFile; fileRef = 7AF55B353C179CF630BDE263 /* MacSemantic.strings */; };
		D896924EA3446A94B7D0BBB2 /* RecordingSoundAnalysisService.swift in Sources */ = {isa = PBXBuildFile; fileRef = E3E5AFC82CFAC9F1DDC19AB4 /* RecordingSoundAnalysisService.swift */; };
		DB4A5815842C607D0F08CFE7 /* LiveTranscriptionManager.swift in Sources */ = {isa = PBXBuildFile; fileRef = 653A4BB489ACC6BB81951AB3 /* LiveTranscriptionManager.swift */; };
		E1146562B482DE79CC43B1C8 /* LocalLlamaBridge.mm in Sources */ = {isa = PBXBuildFile; fileRef = 91EF35227F4AD5063649A3AD /* LocalLlamaBridge.mm */; };
		E22ABA685FA45790631647F0 /* LocalWhisperTranscription.swift in Sources */ = {isa = PBXBuildFile; fileRef = EE6885B1987ABDDABE85C31D /* LocalWhisperTranscription.swift */; };
		E230C50C6EDC9D4AD19A87F5 /* LocalWhisperBridge.m in Sources */ = {isa = PBXBuildFile; fileRef = D471B7868A541A254688AC61 /* LocalWhisperBridge.m */; };
		E5BAC530D885C2F780653BDA /* RedditSans-Bold.ttf in Resources */ = {isa = PBXBuildFile; fileRef = 3973762B68C7A11D6737219D /* RedditSans-Bold.ttf */; };
		E7C86166C6C8A9B58C71F06D /* SpeechVAD in Frameworks */ = {isa = PBXBuildFile; productRef = BB48017B57B4962940CBA33F /* SpeechVAD */; };
		E897AF0A6ED18982080C3A04 /* MacSettingsPanes.swift in Sources */ = {isa = PBXBuildFile; fileRef = 17725894D745821199272623 /* MacSettingsPanes.swift */; };
		E9649D3B82A7DC1037BC4FD5 /* MacMOSSSmokeTests.swift in Sources */ = {isa = PBXBuildFile; fileRef = 95B06ABA88BA86F5E3A5D1C5 /* MacMOSSSmokeTests.swift */; };
		EA9CE6280A8B76F7DEFC330E /* TranscriberCore in Frameworks */ = {isa = PBXBuildFile; productRef = B514CD646E50CFF75485A278 /* TranscriberCore */; };
		F2369DC4DABDE7C685F53EF6 /* AudioCommon in Frameworks */ = {isa = PBXBuildFile; productRef = E136894C5318D4A1DBE2CB5D /* AudioCommon */; };
		F836E490CEEA7A8C28E9BF36 /* AppTheme.swift in Sources */ = {isa = PBXBuildFile; fileRef = 466356653C892FD9590537B6 /* AppTheme.swift */; };
		F884B36C140B28FD244BF440 /* RecordingPlaybackController.swift in Sources */ = {isa = PBXBuildFile; fileRef = 8E18B1FB714E3FD5FAA005E0 /* RecordingPlaybackController.swift */; };
		F98DE7B230DBB5732327561B /* Qwen3ASRTranscription.swift in Sources */ = {isa = PBXBuildFile; fileRef = EA959E1AAED4D8D3776498DA /* Qwen3ASRTranscription.swift */; };
		FFFDB4CFDBD4A63CF153C716 /* MacMOSSTranscription.swift in Sources */ = {isa = PBXBuildFile; fileRef = DA872672DE99A2F425B02D43 /* MacMOSSTranscription.swift */; };
/* End PBXBuildFile section */

/* Begin PBXContainerItemProxy section */
		368F6643AC14E4BE34E6B3E5 /* PBXContainerItemProxy */ = {
			isa = PBXContainerItemProxy;
			containerPortal = E67CA6EEF2536957A7550E0F /* Project object */;
			proxyType = 1;
			remoteGlobalIDString = 785D1AA9E16D037234E434C6;
			remoteInfo = LiveTranscriberMac;
		};
/* End PBXContainerItemProxy section */

/* Begin PBXCopyFilesBuildPhase section */
		8145795EA22CBF471EBA0778 /* Embed Frameworks */ = {
			isa = PBXCopyFilesBuildPhase;
			buildActionMask = 2147483647;
			dstPath = "";
			dstSubfolderSpec = 10;
			files = (
				63AEEC83AD3A7714C486A69C /* whisper.xcframework in Embed Frameworks */,
				A43E18D13FB32BABD509AF36 /* llama.xcframework in Embed Frameworks */,
			);
			name = "Embed Frameworks";
			runOnlyForDeploymentPostprocessing = 0;
		};
/* End PBXCopyFilesBuildPhase section */

/* Begin PBXFileReference section */
		0C7007558BD1FB3D7EF0908C /* ReminderExportService.swift */ = {isa = PBXFileReference; lastKnownFileType = sourcecode.swift; path = ReminderExportService.swift; sourceTree = "<group>"; };
		0FFC27E545DDFBF852D1CD71 /* Assets.xcassets */ = {isa = PBXFileReference; lastKnownFileType = folder.assetcatalog; path = Assets.xcassets; sourceTree = "<group>"; };
		113D7F1BB39212D888EC5376 /* TranscriptExportService.swift */ = {isa = PBXFileReference; lastKnownFileType = sourcecode.swift; path = TranscriptExportService.swift; sourceTree = "<group>"; };
		126AE1F4D9BAFDE91EBC898C /* MacSystemAudioCaptureController.swift */ = {isa = PBXFileReference; lastKnownFileType = sourcecode.swift; path = MacSystemAudioCaptureController.swift; sourceTree = "<group>"; };
		128B5C6013ED492D0CDF520E /* Baloo2-Variable.ttf */ = {isa = PBXFileReference; lastKnownFileType = file; path = "Baloo2-Variable.ttf"; sourceTree = "<group>"; };
		14BAA0BAC0AE2E96DE17783B /* RedditSans-Regular.ttf */ = {isa = PBXFileReference; lastKnownFileType = file; path = "RedditSans-Regular.ttf"; sourceTree = "<group>"; };
		17725894D745821199272623 /* MacSettingsPanes.swift */ = {isa = PBXFileReference; lastKnownFileType = sourcecode.swift; path = MacSettingsPanes.swift; sourceTree = "<group>"; };
		197463093921BB48BFE55B44 /* RedditSans-Medium.ttf */ = {isa = PBXFileReference; lastKnownFileType = file; path = "RedditSans-Medium.ttf"; sourceTree = "<group>"; };
		1BBEA8E293C582A020907DD2 /* AppleTranslationLanguages.swift */ = {isa = PBXFileReference; lastKnownFileType = sourcecode.swift; path = AppleTranslationLanguages.swift; sourceTree = "<group>"; };
		1EBC0FBA631E2D2DF8583810 /* en */ = {isa = PBXFileReference; lastKnownFileType = text.plist.strings; name = en; path = en.lproj/InfoPlist.strings; sourceTree = "<group>"; };
		2573CED1409B57C23CF777E9 /* nl */ = {isa = PBXFileReference; lastKnownFileType = text.plist.strings; name = nl; path = nl.lproj/MacSemantic.strings; sourceTree = "<group>"; };
		2634230B9223CBD4060D96FF /* MacRecordingDetailView.swift */ = {isa = PBXFileReference; lastKnownFileType = sourcecode.swift; path = MacRecordingDetailView.swift; sourceTree = "<group>"; };
		2CD443BE33B5872DCA9D6A95 /* TranscriptContextBuilder.swift */ = {isa = PBXFileReference; lastKnownFileType = sourcecode.swift; path = TranscriptContextBuilder.swift; sourceTree = "<group>"; };
		2ED05F862BAA7BDA0D5FBEB4 /* L10nSupport.swift */ = {isa = PBXFileReference; lastKnownFileType = sourcecode.swift; path = L10nSupport.swift; sourceTree = "<group>"; };
		2F73EC73AF1E4302F5F544D4 /* en */ = {isa = PBXFileReference; lastKnownFileType = text.plist.strings; name = en; path = en.lproj/MacSemantic.strings; sourceTree = "<group>"; };
		323A0326604C5A12F31ABB3B /* MacTranscriptionView.swift */ = {isa = PBXFileReference; lastKnownFileType = sourcecode.swift; path = MacTranscriptionView.swift; sourceTree = "<group>"; };
		32A17B100806E2CCE9BDAE4D /* L10n.swift */ = {isa = PBXFileReference; lastKnownFileType = sourcecode.swift; path = L10n.swift; sourceTree = "<group>"; };
		35481135B6FF749B22AC1C75 /* MacSupportStubs.swift */ = {isa = PBXFileReference; lastKnownFileType = sourcecode.swift; path = MacSupportStubs.swift; sourceTree = "<group>"; };
		3657273146F96BD18C5224F6 /* RecordingCategoryModel.swift */ = {isa = PBXFileReference; lastKnownFileType = sourcecode.swift; path = RecordingCategoryModel.swift; sourceTree = "<group>"; };
		3973762B68C7A11D6737219D /* RedditSans-Bold.ttf */ = {isa = PBXFileReference; lastKnownFileType = file; path = "RedditSans-Bold.ttf"; sourceTree = "<group>"; };
		3A520A2A6BB86705E9E0E160 /* MLXAudioMOSS */ = {isa = PBXFileReference; lastKnownFileType = folder; name = MLXAudioMOSS; path = ../Vendor/MLXAudioMOSS; sourceTree = SOURCE_ROOT; };
		3B4A0272DDE0E94A29FF650E /* RecordingStore.swift */ = {isa = PBXFileReference; lastKnownFileType = sourcecode.swift; path = RecordingStore.swift; sourceTree = "<group>"; };
		3D1E550DDA30966FACB8E7BC /* LiveTranscriberMacTests.xctest */ = {isa = PBXFileReference; explicitFileType = wrapper.cfbundle; includeInIndex = 0; path = LiveTranscriberMacTests.xctest; sourceTree = BUILT_PRODUCTS_DIR; };
		3E875DC34E4CFCFA93ED9E10 /* LiveTranscriptionBackend.swift */ = {isa = PBXFileReference; lastKnownFileType = sourcecode.swift; path = LiveTranscriptionBackend.swift; sourceTree = "<group>"; };
		466356653C892FD9590537B6 /* AppTheme.swift */ = {isa = PBXFileReference; lastKnownFileType = sourcecode.swift; path = AppTheme.swift; sourceTree = "<group>"; };
		46DF79EEE4BC0337420BCC2A /* llama.xcframework */ = {isa = PBXFileReference; lastKnownFileType = wrapper.xcframework; name = llama.xcframework; path = ../Vendor/llama.xcframework; sourceTree = "<group>"; };
		52C8CBA6E2EEAA0838015861 /* zh-Hant */ = {isa = PBXFileReference; lastKnownFileType = text.plist.strings; name = "zh-Hant"; path = "zh-Hant.lproj/InfoPlist.strings"; sourceTree = "<group>"; };
		54A6E46F200495AC436B4897 /* RedditSans-Italic.ttf */ = {isa = PBXFileReference; lastKnownFileType = file; path = "RedditSans-Italic.ttf"; sourceTree = "<group>"; };
		5805E62E121A727BEB2A9857 /* TranscriptLineEditSheet.swift */ = {isa = PBXFileReference; lastKnownFileType = sourcecode.swift; path = TranscriptLineEditSheet.swift; sourceTree = "<group>"; };
		589D35F251B9B40FE28E8593 /* ja */ = {isa = PBXFileReference; lastKnownFileType = text.plist.strings; name = ja; path = ja.lproj/InfoPlist.strings; sourceTree = "<group>"; };
		5B2CF7C10055A32435E64EF0 /* TranscriptionLanguage.swift */ = {isa = PBXFileReference; lastKnownFileType = sourcecode.swift; path = TranscriptionLanguage.swift; sourceTree = "<group>"; };
		653A4BB489ACC6BB81951AB3 /* LiveTranscriptionManager.swift */ = {isa = PBXFileReference; lastKnownFileType = sourcecode.swift; path = LiveTranscriptionManager.swift; sourceTree = "<group>"; };
		66384B5ECE8C6C51E8E1F064 /* MOSSLocalTranscription.swift */ = {isa = PBXFileReference; lastKnownFileType = sourcecode.swift; path = MOSSLocalTranscription.swift; sourceTree = "<group>"; };
		6C5378A1BABCEA86577053D6 /* MeetingAnalysisService.swift */ = {isa = PBXFileReference; lastKnownFileType = sourcecode.swift; path = MeetingAnalysisService.swift; sourceTree = "<group>"; };
		714575939423F5BA991563BA /* MacRecordingsView.swift */ = {isa = PBXFileReference; lastKnownFileType = sourcecode.swift; path = MacRecordingsView.swift; sourceTree = "<group>"; };
		77CBE83090216D49DB10677A /* RecordingAudioFileInfo.swift */ = {isa = PBXFileReference; lastKnownFileType = sourcecode.swift; path = RecordingAudioFileInfo.swift; sourceTree = "<group>"; };
		7FC9DBD7AC31F9AB4D8DEE4B /* ja */ = {isa = PBXFileReference; lastKnownFileType = text.plist.strings; name = ja; path = ja.lproj/MacSemantic.strings; sourceTree = "<group>"; };
		821E6657F8A5B5C88AB65394 /* zh-Hans */ = {isa = PBXFileReference; lastKnownFileType = text.plist.strings; name = "zh-Hans"; path = "zh-Hans.lproj/MacSemantic.strings"; sourceTree = "<group>"; };
		83ACA4B840CE311852CFC9DC /* Live Transcriber.app */ = {isa = PBXFileReference; explicitFileType = wrapper.application; includeInIndex = 0; path = "Live Transcriber.app"; sourceTree = BUILT_PRODUCTS_DIR; };
		84CF7CD42A7125C505E2246F /* AudioEvents.xcstrings */ = {isa = PBXFileReference; lastKnownFileType = text.json.xcstrings; path = AudioEvents.xcstrings; sourceTree = "<group>"; };
		8E18B1FB714E3FD5FAA005E0 /* RecordingPlaybackController.swift */ = {isa = PBXFileReference; lastKnownFileType = sourcecode.swift; path = RecordingPlaybackController.swift; sourceTree = "<group>"; };
		917823D6178F261FE1907EBB /* Qwen3Speech */ = {isa = PBXFileReference; lastKnownFileType = folder; name = Qwen3Speech; path = ../Packages/Qwen3Speech; sourceTree = SOURCE_ROOT; };
		91EF35227F4AD5063649A3AD /* LocalLlamaBridge.mm */ = {isa = PBXFileReference; lastKnownFileType = sourcecode.cpp.objcpp; path = LocalLlamaBridge.mm; sourceTree = "<group>"; };
		92EDB649F0FE3E9F9AC8E2C0 /* LiveTranscriberMacApp.swift */ = {isa = PBXFileReference; lastKnownFileType = sourcecode.swift; path = LiveTranscriberMacApp.swift; sourceTree = "<group>"; };
		95B06ABA88BA86F5E3A5D1C5 /* MacMOSSSmokeTests.swift */ = {isa = PBXFileReference; lastKnownFileType = sourcecode.swift; path = MacMOSSSmokeTests.swift; sourceTree = "<group>"; };
		962AE5C628777B10D5FB4979 /* EmptyStateView.swift */ = {isa = PBXFileReference; lastKnownFileType = sourcecode.swift; path = EmptyStateView.swift; sourceTree = "<group>"; };
		995F7E6F291E47A390D6D53D /* MacL10n.swift */ = {isa = PBXFileReference; lastKnownFileType = sourcecode.swift; path = MacL10n.swift; sourceTree = "<group>"; };
		9CF0C5E306CA7745CAFCCD5A /* zh-Hans */ = {isa = PBXFileReference; lastKnownFileType = text.plist.strings; name = "zh-Hans"; path = "zh-Hans.lproj/InfoPlist.strings"; sourceTree = "<group>"; };
		9D9AFFD255F38840CA2F5FF9 /* MacSystemAudioCaptureTests.swift */ = {isa = PBXFileReference; lastKnownFileType = sourcecode.swift; path = MacSystemAudioCaptureTests.swift; sourceTree = "<group>"; };
		A0D6A7590E00F79DE4B86AD8 /* MacAppRouterTests.swift */ = {isa = PBXFileReference; lastKnownFileType = sourcecode.swift; path = MacAppRouterTests.swift; sourceTree = "<group>"; };
		A2EE057ED5E1300279BA44EC /* MacRecordingSheets.swift */ = {isa = PBXFileReference; lastKnownFileType = sourcecode.swift; path = MacRecordingSheets.swift; sourceTree = "<group>"; };
		A379E93358EB2F114F9D32ED /* RecordingWaveformSampling.swift */ = {isa = PBXFileReference; lastKnownFileType = sourcecode.swift; path = RecordingWaveformSampling.swift; sourceTree = "<group>"; };
		A3AE257FB6CBB7815E9751D0 /* MacRootView.swift */ = {isa = PBXFileReference; lastKnownFileType = sourcecode.swift; path = MacRootView.swift; sourceTree = "<group>"; };
		A56198AE27D863457982C6A4 /* RecordingChatView.swift */ = {isa = PBXFileReference; lastKnownFileType = sourcecode.swift; path = RecordingChatView.swift; sourceTree = "<group>"; };
		A753F140D5F898404CC7FBA1 /* TranscriptStorageModel.swift */ = {isa = PBXFileReference; lastKnownFileType = sourcecode.swift; path = TranscriptStorageModel.swift; sourceTree = "<group>"; };
		AD8B6255105FEB549D04C8EA /* de */ = {isa = PBXFileReference; lastKnownFileType = text.plist.strings; name = de; path = de.lproj/MacSemantic.strings; sourceTree = "<group>"; };
		AE3FD1D6F897E6A3BE96E0F8 /* LocalWhisperBridge.h */ = {isa = PBXFileReference; lastKnownFileType = sourcecode.c.h; path = LocalWhisperBridge.h; sourceTree = "<group>"; };
		B0C92B8BEC17DBD43717E8C5 /* RecordingSiriIntegration.swift */ = {isa = PBXFileReference; lastKnownFileType = sourcecode.swift; path = RecordingSiriIntegration.swift; sourceTree = "<group>"; };
		B10B228C7B70D6BB5EE753FC /* AppPasteboard.swift */ = {isa = PBXFileReference; lastKnownFileType = sourcecode.swift; path = AppPasteboard.swift; sourceTree = "<group>"; };
		B181EABBEA311AC3C5C0A516 /* whisper.xcframework */ = {isa = PBXFileReference; lastKnownFileType = wrapper.xcframework; name = whisper.xcframework; path = ../Vendor/whisper.xcframework; sourceTree = "<group>"; };
		B2E20A2F0A072F466C62C4BF /* TranscriberDomain */ = {isa = PBXFileReference; lastKnownFileType = folder; name = TranscriberDomain; path = ../Packages/TranscriberDomain; sourceTree = SOURCE_ROOT; };
		B3CEF0BB0D8D8128DE026B34 /* MacCaptureAudioWriter.swift */ = {isa = PBXFileReference; lastKnownFileType = sourcecode.swift; path = MacCaptureAudioWriter.swift; sourceTree = "<group>"; };
		B4CF3033EA3598315C13DF00 /* RedditSans-SemiBold.ttf */ = {isa = PBXFileReference; lastKnownFileType = file; path = "RedditSans-SemiBold.ttf"; sourceTree = "<group>"; };
		B62CB57FCE56F5217ABBA821 /* de */ = {isa = PBXFileReference; lastKnownFileType = text.plist.strings; name = de; path = de.lproj/InfoPlist.strings; sourceTree = "<group>"; };
		B6F6F8EFBE4AB3DB79F81588 /* GeminiCloudService.swift */ = {isa = PBXFileReference; lastKnownFileType = sourcecode.swift; path = GeminiCloudService.swift; sourceTree = "<group>"; };
		B8F96DA3E91DB04C2401E630 /* AppleSpeechTranscriptionSupport.swift */ = {isa = PBXFileReference; lastKnownFileType = sourcecode.swift; path = AppleSpeechTranscriptionSupport.swift; sourceTree = "<group>"; };
		C437BFE70454DFFDA1E94003 /* RecordingStorageWorkerTests.swift */ = {isa = PBXFileReference; lastKnownFileType = sourcecode.swift; path = RecordingStorageWorkerTests.swift; sourceTree = "<group>"; };
		C62296427DC5E4E11DAC202A /* LocalSummaryIntelligence.swift */ = {isa = PBXFileReference; lastKnownFileType = sourcecode.swift; path = LocalSummaryIntelligence.swift; sourceTree = "<group>"; };
		C75D9E83AB42B80EAF6FEA7B /* nl */ = {isa = PBXFileReference; lastKnownFileType = text.plist.strings; name = nl; path = nl.lproj/InfoPlist.strings; sourceTree = "<group>"; };
		CAFCE71198AAEBE50E67E8CB /* LocalLlamaBridge.h */ = {isa = PBXFileReference; lastKnownFileType = sourcecode.c.h; path = LocalLlamaBridge.h; sourceTree = "<group>"; };
		D00F7A96162B638213442082 /* AppTypography.swift */ = {isa = PBXFileReference; lastKnownFileType = sourcecode.swift; path = AppTypography.swift; sourceTree = "<group>"; };
		D471B7868A541A254688AC61 /* LocalWhisperBridge.m */ = {isa = PBXFileReference; lastKnownFileType = sourcecode.c.objc; path = LocalWhisperBridge.m; sourceTree = "<group>"; };
		D6410950D8C1AB32F36D4512 /* zh-Hant */ = {isa = PBXFileReference; lastKnownFileType = text.plist.strings; name = "zh-Hant"; path = "zh-Hant.lproj/MacSemantic.strings"; sourceTree = "<group>"; };
		DA872672DE99A2F425B02D43 /* MacMOSSTranscription.swift */ = {isa = PBXFileReference; lastKnownFileType = sourcecode.swift; path = MacMOSSTranscription.swift; sourceTree = "<group>"; };
		DCD310802F05ACE62EAF695A /* LaunchSplashView.swift */ = {isa = PBXFileReference; lastKnownFileType = sourcecode.swift; path = LaunchSplashView.swift; sourceTree = "<group>"; };
		E23CC1387C7847813F957701 /* LiveTranscriber-Bridging-Header.h */ = {isa = PBXFileReference; lastKnownFileType = sourcecode.c.h; path = "LiveTranscriber-Bridging-Header.h"; sourceTree = "<group>"; };
		E3E5AFC82CFAC9F1DDC19AB4 /* RecordingSoundAnalysisService.swift */ = {isa = PBXFileReference; lastKnownFileType = sourcecode.swift; path = RecordingSoundAnalysisService.swift; sourceTree = "<group>"; };
		EA959E1AAED4D8D3776498DA /* Qwen3ASRTranscription.swift */ = {isa = PBXFileReference; lastKnownFileType = sourcecode.swift; path = Qwen3ASRTranscription.swift; sourceTree = "<group>"; };
		EE6885B1987ABDDABE85C31D /* LocalWhisperTranscription.swift */ = {isa = PBXFileReference; lastKnownFileType = sourcecode.swift; path = LocalWhisperTranscription.swift; sourceTree = "<group>"; };
		F0BE2BBE4A046B8C04380F05 /* Semantic.xcstrings */ = {isa = PBXFileReference; lastKnownFileType = text.json.xcstrings; path = Semantic.xcstrings; sourceTree = "<group>"; };
/* End PBXFileReference section */

/* Begin PBXFrameworksBuildPhase section */
		9FCD3D764DF22B25CE99B110 /* Frameworks */ = {
			isa = PBXFrameworksBuildPhase;
			buildActionMask = 2147483647;
			files = (
				876487A8AF883EFBA9059258 /* TranscriberDomain in Frameworks */,
				EA9CE6280A8B76F7DEFC330E /* TranscriberCore in Frameworks */,
				7053349BD88144DB7FB23329 /* MLXAudioCore in Frameworks */,
				A3E9E2CE787E86219109D68C /* MLXAudioSTT in Frameworks */,
				F2369DC4DABDE7C685F53EF6 /* AudioCommon in Frameworks */,
				7BD6950FFA57D5E442921E59 /* Qwen3ASR in Frameworks */,
				E7C86166C6C8A9B58C71F06D /* SpeechVAD in Frameworks */,
				5D7D9FFD7B2382D8C9EBCA82 /* whisper.xcframework in Frameworks */,
				76ECF1CA59BEF12A813E83F7 /* llama.xcframework in Frameworks */,
			);
			runOnlyForDeploymentPostprocessing = 0;
		};
		CCCE7C3DFA9BB403529A872B /* Frameworks */ = {
			isa = PBXFrameworksBuildPhase;
			buildActionMask = 2147483647;
			files = (
				1B25B1963ED448DCF1D6605B /* TranscriberDomain in Frameworks */,
			);
			runOnlyForDeploymentPostprocessing = 0;
		};
/* End PBXFrameworksBuildPhase section */

/* Begin PBXGroup section */
		0E7CE88FD16EACB21BE40446 /* LiveTranscriber */ = {
			isa = PBXGroup;
			children = (
				0FFC27E545DDFBF852D1CD71 /* Assets.xcassets */,
				DCD310802F05ACE62EAF695A /* LaunchSplashView.swift */,
			);
			path = LiveTranscriber;
			sourceTree = "<group>";
		};
		10725EFD9A6B0C112672B6B1 /* LiveTranscriber */ = {
			isa = PBXGroup;
			children = (
				0E7CE88FD16EACB21BE40446 /* LiveTranscriber */,
				F93BE06BD86A4C310B807892 /* SharedApp */,
			);
			name = LiveTranscriber;
			path = ..;
			sourceTree = "<group>";
		};
		1B5F14B4F66E73881693571D /* Packages */ = {
			isa = PBXGroup;
			children = (
				3A520A2A6BB86705E9E0E160 /* MLXAudioMOSS */,
				917823D6178F261FE1907EBB /* Qwen3Speech */,
				B2E20A2F0A072F466C62C4BF /* TranscriberDomain */,
			);
			name = Packages;
			sourceTree = "<group>";
		};
		26AE504ED635E07D2646A20A /* Products */ = {
			isa = PBXGroup;
			children = (
				83ACA4B840CE311852CFC9DC /* Live Transcriber.app */,
				3D1E550DDA30966FACB8E7BC /* LiveTranscriberMacTests.xctest */,
			);
			name = Products;
			sourceTree = "<group>";
		};
		2F78FB967921AFBE909CDCB7 /* Tests */ = {
			isa = PBXGroup;
			children = (
				A0D6A7590E00F79DE4B86AD8 /* MacAppRouterTests.swift */,
				95B06ABA88BA86F5E3A5D1C5 /* MacMOSSSmokeTests.swift */,
				9D9AFFD255F38840CA2F5FF9 /* MacSystemAudioCaptureTests.swift */,
				C437BFE70454DFFDA1E94003 /* RecordingStorageWorkerTests.swift */,
			);
			path = Tests;
			sourceTree = "<group>";
		};
		67383329FEB00399BAEF0B60 = {
			isa = PBXGroup;
			children = (
				10725EFD9A6B0C112672B6B1 /* LiveTranscriber */,
				1B5F14B4F66E73881693571D /* Packages */,
				F16802B07198599B7DC545CF /* Resources */,
				AA52ABA7ABC2D9FD92B5C2E6 /* Sources */,
				2F78FB967921AFBE909CDCB7 /* Tests */,
				F92496CFECF255A983066033 /* Frameworks */,
				26AE504ED635E07D2646A20A /* Products */,
			);
			sourceTree = "<group>";
		};
		AA52ABA7ABC2D9FD92B5C2E6 /* Sources */ = {
			isa = PBXGroup;
			children = (
				92EDB649F0FE3E9F9AC8E2C0 /* LiveTranscriberMacApp.swift */,
				B3CEF0BB0D8D8128DE026B34 /* MacCaptureAudioWriter.swift */,
				995F7E6F291E47A390D6D53D /* MacL10n.swift */,
				DA872672DE99A2F425B02D43 /* MacMOSSTranscription.swift */,
				2634230B9223CBD4060D96FF /* MacRecordingDetailView.swift */,
				A2EE057ED5E1300279BA44EC /* MacRecordingSheets.swift */,
				714575939423F5BA991563BA /* MacRecordingsView.swift */,
				A3AE257FB6CBB7815E9751D0 /* MacRootView.swift */,
				17725894D745821199272623 /* MacSettingsPanes.swift */,
				35481135B6FF749B22AC1C75 /* MacSupportStubs.swift */,
				126AE1F4D9BAFDE91EBC898C /* MacSystemAudioCaptureController.swift */,
				323A0326604C5A12F31ABB3B /* MacTranscriptionView.swift */,
			);
			path = Sources;
			sourceTree = "<group>";
		};
		AC9C050E638C7E43D0172C34 /* Fonts */ = {
			isa = PBXGroup;
			children = (
				128B5C6013ED492D0CDF520E /* Baloo2-Variable.ttf */,
				3973762B68C7A11D6737219D /* RedditSans-Bold.ttf */,
				54A6E46F200495AC436B4897 /* RedditSans-Italic.ttf */,
				197463093921BB48BFE55B44 /* RedditSans-Medium.ttf */,
				14BAA0BAC0AE2E96DE17783B /* RedditSans-Regular.ttf */,
				B4CF3033EA3598315C13DF00 /* RedditSans-SemiBold.ttf */,
			);
			path = Fonts;
			sourceTree = "<group>";
		};
		F16802B07198599B7DC545CF /* Resources */ = {
			isa = PBXGroup;
			children = (
				BFE7AE3A85F94327A148CD2F /* InfoPlist.strings */,
				7AF55B353C179CF630BDE263 /* MacSemantic.strings */,
			);
			path = Resources;
			sourceTree = "<group>";
		};
		F92496CFECF255A983066033 /* Frameworks */ = {
			isa = PBXGroup;
			children = (
				46DF79EEE4BC0337420BCC2A /* llama.xcframework */,
				B181EABBEA311AC3C5C0A516 /* whisper.xcframework */,
			);
			name = Frameworks;
			sourceTree = "<group>";
		};
		F93BE06BD86A4C310B807892 /* SharedApp */ = {
			isa = PBXGroup;
			children = (
				AC9C050E638C7E43D0172C34 /* Fonts */,
				B8F96DA3E91DB04C2401E630 /* AppleSpeechTranscriptionSupport.swift */,
				1BBEA8E293C582A020907DD2 /* AppleTranslationLanguages.swift */,
				B10B228C7B70D6BB5EE753FC /* AppPasteboard.swift */,
				466356653C892FD9590537B6 /* AppTheme.swift */,
				D00F7A96162B638213442082 /* AppTypography.swift */,
				84CF7CD42A7125C505E2246F /* AudioEvents.xcstrings */,
				962AE5C628777B10D5FB4979 /* EmptyStateView.swift */,
				B6F6F8EFBE4AB3DB79F81588 /* GeminiCloudService.swift */,
				32A17B100806E2CCE9BDAE4D /* L10n.swift */,
				2ED05F862BAA7BDA0D5FBEB4 /* L10nSupport.swift */,
				E23CC1387C7847813F957701 /* LiveTranscriber-Bridging-Header.h */,
				3E875DC34E4CFCFA93ED9E10 /* LiveTranscriptionBackend.swift */,
				653A4BB489ACC6BB81951AB3 /* LiveTranscriptionManager.swift */,
				CAFCE71198AAEBE50E67E8CB /* LocalLlamaBridge.h */,
				91EF35227F4AD5063649A3AD /* LocalLlamaBridge.mm */,
				C62296427DC5E4E11DAC202A /* LocalSummaryIntelligence.swift */,
				AE3FD1D6F897E6A3BE96E0F8 /* LocalWhisperBridge.h */,
				D471B7868A541A254688AC61 /* LocalWhisperBridge.m */,
				EE6885B1987ABDDABE85C31D /* LocalWhisperTranscription.swift */,
				6C5378A1BABCEA86577053D6 /* MeetingAnalysisService.swift */,
				66384B5ECE8C6C51E8E1F064 /* MOSSLocalTranscription.swift */,
				EA959E1AAED4D8D3776498DA /* Qwen3ASRTranscription.swift */,
				77CBE83090216D49DB10677A /* RecordingAudioFileInfo.swift */,
				3657273146F96BD18C5224F6 /* RecordingCategoryModel.swift */,
				A56198AE27D863457982C6A4 /* RecordingChatView.swift */,
				8E18B1FB714E3FD5FAA005E0 /* RecordingPlaybackController.swift */,
				B0C92B8BEC17DBD43717E8C5 /* RecordingSiriIntegration.swift */,
				E3E5AFC82CFAC9F1DDC19AB4 /* RecordingSoundAnalysisService.swift */,
				3B4A0272DDE0E94A29FF650E /* RecordingStore.swift */,
				A379E93358EB2F114F9D32ED /* RecordingWaveformSampling.swift */,
				0C7007558BD1FB3D7EF0908C /* ReminderExportService.swift */,
				F0BE2BBE4A046B8C04380F05 /* Semantic.xcstrings */,
				2CD443BE33B5872DCA9D6A95 /* TranscriptContextBuilder.swift */,
				113D7F1BB39212D888EC5376 /* TranscriptExportService.swift */,
				5B2CF7C10055A32435E64EF0 /* TranscriptionLanguage.swift */,
				5805E62E121A727BEB2A9857 /* TranscriptLineEditSheet.swift */,
				A753F140D5F898404CC7FBA1 /* TranscriptStorageModel.swift */,
			);
			path = SharedApp;
			sourceTree = "<group>";
		};
/* End PBXGroup section */

/* Begin PBXNativeTarget section */
		785D1AA9E16D037234E434C6 /* LiveTranscriberMac */ = {
			isa = PBXNativeTarget;
			buildConfigurationList = EBE06B15A61F38E8B6EDE506 /* Build configuration list for PBXNativeTarget "LiveTranscriberMac" */;
			buildPhases = (
				5E3432995B199D5F59D913D5 /* Sources */,
				A68EDEB48D26976CA7A33C4D /* Resources */,
				9FCD3D764DF22B25CE99B110 /* Frameworks */,
				8145795EA22CBF471EBA0778 /* Embed Frameworks */,
			);
			buildRules = (
			);
			dependencies = (
			);
			name = LiveTranscriberMac;
			packageProductDependencies = (
				E0B2A813EFB2F988E6C1C94A /* TranscriberDomain */,
				B514CD646E50CFF75485A278 /* TranscriberCore */,
				65A09FC313CDF5F880C7F21A /* MLXAudioCore */,
				7E37FA2ADBA66E438F18FEBD /* MLXAudioSTT */,
				E136894C5318D4A1DBE2CB5D /* AudioCommon */,
				24FE01861B9B42129E29F29E /* Qwen3ASR */,
				BB48017B57B4962940CBA33F /* SpeechVAD */,
			);
			productName = LiveTranscriberMac;
			productReference = 83ACA4B840CE311852CFC9DC /* Live Transcriber.app */;
			productType = "com.apple.product-type.application";
		};
		F010A0C149C1874C1983E956 /* LiveTranscriberMacTests */ = {
			isa = PBXNativeTarget;
			buildConfigurationList = CD18CEAA87E05E6D949C57BE /* Build configuration list for PBXNativeTarget "LiveTranscriberMacTests" */;
			buildPhases = (
				9AEED1A81FEC37ADB709F517 /* Sources */,
				CCCE7C3DFA9BB403529A872B /* Frameworks */,
			);
			buildRules = (
			);
			dependencies = (
				EA414EDD63E0653E7E97E311 /* PBXTargetDependency */,
			);
			name = LiveTranscriberMacTests;
			packageProductDependencies = (
				6CDEFD7C2E0E757604993993 /* TranscriberDomain */,
			);
			productName = LiveTranscriberMacTests;
			productReference = 3D1E550DDA30966FACB8E7BC /* LiveTranscriberMacTests.xctest */;
			productType = "com.apple.product-type.bundle.unit-test";
		};
/* End PBXNativeTarget section */

/* Begin PBXProject section */
		E67CA6EEF2536957A7550E0F /* Project object */ = {
			isa = PBXProject;
			attributes = {
				BuildIndependentTargetsInParallel = YES;
				LastUpgradeCheck = 1430;
				TargetAttributes = {
					785D1AA9E16D037234E434C6 = {
						DevelopmentTeam = F8M4T754W4;
						ProvisioningStyle = Automatic;
					};
					F010A0C149C1874C1983E956 = {
						DevelopmentTeam = F8M4T754W4;
					};
				};
			};
			buildConfigurationList = EE37AF8B77D51F28B9EF5624 /* Build configuration list for PBXProject "LiveTranscriberMac" */;
			developmentRegion = en;
			hasScannedForEncodings = 0;
			knownRegions = (
				Base,
				de,
				en,
				ja,
				nl,
				"zh-Hans",
				"zh-Hant",
			);
			mainGroup = 67383329FEB00399BAEF0B60;
			minimizedProjectReferenceProxies = 1;
			packageReferences = (
				339FE1848B032029F78F6B5C /* XCLocalSwiftPackageReference "../Vendor/MLXAudioMOSS" */,
				915251F70FF4898C32C5E2CA /* XCLocalSwiftPackageReference "../Packages/Qwen3Speech" */,
				8D4C5B570667A664567F54EB /* XCLocalSwiftPackageReference "../Packages/TranscriberDomain" */,
			);
			preferredProjectObjectVersion = 77;
			productRefGroup = 26AE504ED635E07D2646A20A /* Products */;
			projectDirPath = "";
			projectRoot = "";
			targets = (
				785D1AA9E16D037234E434C6 /* LiveTranscriberMac */,
				F010A0C149C1874C1983E956 /* LiveTranscriberMacTests */,
			);
		};
/* End PBXProject section */

/* Begin PBXResourcesBuildPhase section */
		A68EDEB48D26976CA7A33C4D /* Resources */ = {
			isa = PBXResourcesBuildPhase;
			buildActionMask = 2147483647;
			files = (
				0F5B86DB607D461623B6A372 /* Assets.xcassets in Resources */,
				8B831D851B5DB9D56E9F784E /* AudioEvents.xcstrings in Resources */,
				BD32F984379697536A4029D2 /* Baloo2-Variable.ttf in Resources */,
				280B1A95004B4D8EDD0E40D1 /* InfoPlist.strings in Resources */,
				D5A0805603A42E66EA5EE367 /* MacSemantic.strings in Resources */,
				E5BAC530D885C2F780653BDA /* RedditSans-Bold.ttf in Resources */,
				D4A4FBDBB3766F983C4245E6 /* RedditSans-Italic.ttf in Resources */,
				170A72B2C38847CB0E95D603 /* RedditSans-Medium.ttf in Resources */,
				129A13F63FEC8D7A2FF563B0 /* RedditSans-Regular.ttf in Resources */,
				73589EA76D788F22CA0A8F01 /* RedditSans-SemiBold.ttf in Resources */,
				837CADD96B8AA95E8E38C148 /* Semantic.xcstrings in Resources */,
			);
			runOnlyForDeploymentPostprocessing = 0;
		};
/* End PBXResourcesBuildPhase section */

/* Begin PBXSourcesBuildPhase section */
		5E3432995B199D5F59D913D5 /* Sources */ = {
			isa = PBXSourcesBuildPhase;
			buildActionMask = 2147483647;
			files = (
				22ECDECB72EB03E2230B2DFD /* AppPasteboard.swift in Sources */,
				F836E490CEEA7A8C28E9BF36 /* AppTheme.swift in Sources */,
				094ED793FBB8D2DB5708909F /* AppTypography.swift in Sources */,
				2662A54E72C5F33E6824BF5C /* AppleSpeechTranscriptionSupport.swift in Sources */,
				5986345461DEED27509BA115 /* AppleTranslationLanguages.swift in Sources */,
				13A8F295726EBE460D0A3D95 /* EmptyStateView.swift in Sources */,
				5E8D0FF0F7DC9AC7DF985B0C /* GeminiCloudService.swift in Sources */,
				D425B06535D5D79253D559A7 /* L10n.swift in Sources */,
				B43052DECAD6E3B0DC9AB6D1 /* L10nSupport.swift in Sources */,
				1C00237BA674A270F0023AF4 /* LaunchSplashView.swift in Sources */,
				A48F098CCFCC4C5251695080 /* LiveTranscriberMacApp.swift in Sources */,
				84C1FE6507BBD4E44B9AEE42 /* LiveTranscriptionBackend.swift in Sources */,
				DB4A5815842C607D0F08CFE7 /* LiveTranscriptionManager.swift in Sources */,
				E1146562B482DE79CC43B1C8 /* LocalLlamaBridge.mm in Sources */,
				C84EDC64B1F9DE3ED54ED811 /* LocalSummaryIntelligence.swift in Sources */,
				E230C50C6EDC9D4AD19A87F5 /* LocalWhisperBridge.m in Sources */,
				E22ABA685FA45790631647F0 /* LocalWhisperTranscription.swift in Sources */,
				844D2E471C8470F60C418EA9 /* MOSSLocalTranscription.swift in Sources */,
				D32FD5FC2FAAE6263FE27042 /* MacCaptureAudioWriter.swift in Sources */,
				6187837CCBB92F81FD70EDF6 /* MacL10n.swift in Sources */,
				FFFDB4CFDBD4A63CF153C716 /* MacMOSSTranscription.swift in Sources */,
				D292AAC47DF3465DE70F47B4 /* MacRecordingDetailView.swift in Sources */,
				9CBDE9B6B16F9C6763A9E531 /* MacRecordingSheets.swift in Sources */,
				38893A4A3DBC5792C0333BE0 /* MacRecordingsView.swift in Sources */,
				B677D5BE189245624DAEC599 /* MacRootView.swift in Sources */,
				E897AF0A6ED18982080C3A04 /* MacSettingsPanes.swift in Sources */,
				438DCCE2560B46A14009EC64 /* MacSupportStubs.swift in Sources */,
				93DD0BACE7EA23402D2B23FC /* MacSystemAudioCaptureController.swift in Sources */,
				378E609572DC557F4E2FC46F /* MacTranscriptionView.swift in Sources */,
				10315E164B2703A3B8A0736C /* MeetingAnalysisService.swift in Sources */,
				F98DE7B230DBB5732327561B /* Qwen3ASRTranscription.swift in Sources */,
				6BECE157DF50FD67B0C782C8 /* RecordingAudioFileInfo.swift in Sources */,
				896F73F32C2778BEA7BECFE4 /* RecordingCategoryModel.swift in Sources */,
				0AD62569FF1854516A5DEFC4 /* RecordingChatView.swift in Sources */,
				F884B36C140B28FD244BF440 /* RecordingPlaybackController.swift in Sources */,
				838B0BC2E0D44DBEDEA6A2D6 /* RecordingSiriIntegration.swift in Sources */,
				D896924EA3446A94B7D0BBB2 /* RecordingSoundAnalysisService.swift in Sources */,
				0E20F9C1B5154A261F62BEE6 /* RecordingStore.swift in Sources */,
				D18B5E474D07959D8C7C72F7 /* RecordingWaveformSampling.swift in Sources */,
				55C2592AB0F02977A18E5BB8 /* ReminderExportService.swift in Sources */,
				475C256515E119EE53CE2FBF /* TranscriptContextBuilder.swift in Sources */,
				88C23F5A7C9027353CBD6953 /* TranscriptExportService.swift in Sources */,
				B53D346D1A78741C00412E22 /* TranscriptLineEditSheet.swift in Sources */,
				B729FB3A14D06B36B9EF090F /* TranscriptStorageModel.swift in Sources */,
				3A90821B0C625F2AA882457B /* TranscriptionLanguage.swift in Sources */,
			);
			runOnlyForDeploymentPostprocessing = 0;
		};
		9AEED1A81FEC37ADB709F517 /* Sources */ = {
			isa = PBXSourcesBuildPhase;
			buildActionMask = 2147483647;
			files = (
				73158A59C5EB49DCDDAE0DF1 /* MacAppRouterTests.swift in Sources */,
				E9649D3B82A7DC1037BC4FD5 /* MacMOSSSmokeTests.swift in Sources */,
				487AB650D7DFC5C8F6A89AA6 /* MacSystemAudioCaptureTests.swift in Sources */,
				78EB372E9A0B45E7C86B5F02 /* RecordingStorageWorkerTests.swift in Sources */,
			);
			runOnlyForDeploymentPostprocessing = 0;
		};
/* End PBXSourcesBuildPhase section */

/* Begin PBXTargetDependency section */
		EA414EDD63E0653E7E97E311 /* PBXTargetDependency */ = {
			isa = PBXTargetDependency;
			target = 785D1AA9E16D037234E434C6 /* LiveTranscriberMac */;
			targetProxy = 368F6643AC14E4BE34E6B3E5 /* PBXContainerItemProxy */;
		};
/* End PBXTargetDependency section */

/* Begin PBXVariantGroup section */
		7AF55B353C179CF630BDE263 /* MacSemantic.strings */ = {
			isa = PBXVariantGroup;
			children = (
				AD8B6255105FEB549D04C8EA /* de */,
				2F73EC73AF1E4302F5F544D4 /* en */,
				7FC9DBD7AC31F9AB4D8DEE4B /* ja */,
				2573CED1409B57C23CF777E9 /* nl */,
				821E6657F8A5B5C88AB65394 /* zh-Hans */,
				D6410950D8C1AB32F36D4512 /* zh-Hant */,
			);
			name = MacSemantic.strings;
			sourceTree = "<group>";
		};
		BFE7AE3A85F94327A148CD2F /* InfoPlist.strings */ = {
			isa = PBXVariantGroup;
			children = (
				B62CB57FCE56F5217ABBA821 /* de */,
				1EBC0FBA631E2D2DF8583810 /* en */,
				589D35F251B9B40FE28E8593 /* ja */,
				C75D9E83AB42B80EAF6FEA7B /* nl */,
				9CF0C5E306CA7745CAFCCD5A /* zh-Hans */,
				52C8CBA6E2EEAA0838015861 /* zh-Hant */,
			);
			name = InfoPlist.strings;
			sourceTree = "<group>";
		};
/* End PBXVariantGroup section */

/* Begin XCBuildConfiguration section */
		3E7E0E150B5EF668215A57F6 /* Debug */ = {
			isa = XCBuildConfiguration;
			buildSettings = {
				ARCHS = arm64;
				ASSETCATALOG_COMPILER_APPICON_NAME = AppIcon;
				CODE_SIGN_ENTITLEMENTS = LiveTranscriberMac.entitlements;
				CODE_SIGN_STYLE = Automatic;
				COMBINE_HIDPI_IMAGES = YES;
				CURRENT_PROJECT_VERSION = 1;
				ENABLE_HARDENED_RUNTIME = YES;
				FRAMEWORK_SEARCH_PATHS = (
					"$(inherited)",
					"\"../Vendor\"",
				);
				GENERATE_INFOPLIST_FILE = NO;
				INFOPLIST_FILE = Info.plist;
				LD_RUNPATH_SEARCH_PATHS = (
					"$(inherited)",
					"@executable_path/../Frameworks",
				);
				MACOSX_DEPLOYMENT_TARGET = 26.0;
				MARKETING_VERSION = 1.0;
				PRODUCT_BUNDLE_IDENTIFIER = com.iamwilliamli.LiveTranscriber;
				PRODUCT_MODULE_NAME = LiveTranscriberMac;
				PRODUCT_NAME = "Live Transcriber";
				SDKROOT = macosx;
				"SWIFT_ACTIVE_COMPILATION_CONDITIONS[sdk=macosx27.*]" = "$(inherited) HAS_IOS27_SDK";
				SWIFT_EMIT_LOC_STRINGS = YES;
				SWIFT_OBJC_BRIDGING_HEADER = "../SharedApp/LiveTranscriber-Bridging-Header.h";
			};
			name = Debug;
		};
		42BEBE279BD80E0DAE4DE8FE /* Release */ = {
			isa = XCBuildConfiguration;
			buildSettings = {
				ARCHS = arm64;
				ASSETCATALOG_COMPILER_APPICON_NAME = AppIcon;
				CODE_SIGN_ENTITLEMENTS = LiveTranscriberMac.entitlements;
				CODE_SIGN_STYLE = Automatic;
				COMBINE_HIDPI_IMAGES = YES;
				CURRENT_PROJECT_VERSION = 1;
				ENABLE_HARDENED_RUNTIME = YES;
				FRAMEWORK_SEARCH_PATHS = (
					"$(inherited)",
					"\"../Vendor\"",
				);
				GENERATE_INFOPLIST_FILE = NO;
				INFOPLIST_FILE = Info.plist;
				LD_RUNPATH_SEARCH_PATHS = (
					"$(inherited)",
					"@executable_path/../Frameworks",
				);
				MACOSX_DEPLOYMENT_TARGET = 26.0;
				MARKETING_VERSION = 1.0;
				PRODUCT_BUNDLE_IDENTIFIER = com.iamwilliamli.LiveTranscriber;
				PRODUCT_MODULE_NAME = LiveTranscriberMac;
				PRODUCT_NAME = "Live Transcriber";
				SDKROOT = macosx;
				"SWIFT_ACTIVE_COMPILATION_CONDITIONS[sdk=macosx27.*]" = "$(inherited) HAS_IOS27_SDK";
				SWIFT_EMIT_LOC_STRINGS = YES;
				SWIFT_OBJC_BRIDGING_HEADER = "../SharedApp/LiveTranscriber-Bridging-Header.h";
			};
			name = Release;
		};
		5D4BC74885AA65B818E624E8 /* Release */ = {
			isa = XCBuildConfiguration;
			buildSettings = {
				BUNDLE_LOADER = "$(TEST_HOST)";
				COMBINE_HIDPI_IMAGES = YES;
				GENERATE_INFOPLIST_FILE = YES;
				LD_RUNPATH_SEARCH_PATHS = (
					"$(inherited)",
					"@executable_path/../Frameworks",
					"@loader_path/../Frameworks",
				);
				MACOSX_DEPLOYMENT_TARGET = 26.0;
				PRODUCT_BUNDLE_IDENTIFIER = com.iamwilliamli.LiveTranscriber.mac.tests;
				SDKROOT = macosx;
				TEST_HOST = "$(BUILT_PRODUCTS_DIR)/Live Transcriber.app/Contents/MacOS/Live Transcriber";
			};
			name = Release;
		};
		8E9EA696E7345AAF73ED5A65 /* Release */ = {
			isa = XCBuildConfiguration;
			buildSettings = {
				ALWAYS_SEARCH_USER_PATHS = NO;
				ARCHS = arm64;
				CLANG_ANALYZER_NONNULL = YES;
				CLANG_ANALYZER_NUMBER_OBJECT_CONVERSION = YES_AGGRESSIVE;
				CLANG_CXX_LANGUAGE_STANDARD = "gnu++14";
				CLANG_CXX_LIBRARY = "libc++";
				CLANG_ENABLE_MODULES = YES;
				CLANG_ENABLE_OBJC_ARC = YES;
				CLANG_ENABLE_OBJC_WEAK = YES;
				CLANG_WARN_BLOCK_CAPTURE_AUTORELEASING = YES;
				CLANG_WARN_BOOL_CONVERSION = YES;
				CLANG_WARN_COMMA = YES;
				CLANG_WARN_CONSTANT_CONVERSION = YES;
				CLANG_WARN_DEPRECATED_OBJC_IMPLEMENTATIONS = YES;
				CLANG_WARN_DIRECT_OBJC_ISA_USAGE = YES_ERROR;
				CLANG_WARN_DOCUMENTATION_COMMENTS = YES;
				CLANG_WARN_EMPTY_BODY = YES;
				CLANG_WARN_ENUM_CONVERSION = YES;
				CLANG_WARN_INFINITE_RECURSION = YES;
				CLANG_WARN_INT_CONVERSION = YES;
				CLANG_WARN_NON_LITERAL_NULL_CONVERSION = YES;
				CLANG_WARN_OBJC_IMPLICIT_RETAIN_SELF = YES;
				CLANG_WARN_OBJC_LITERAL_CONVERSION = YES;
				CLANG_WARN_OBJC_ROOT_CLASS = YES_ERROR;
				CLANG_WARN_QUOTED_INCLUDE_IN_FRAMEWORK_HEADER = YES;
				CLANG_WARN_RANGE_LOOP_ANALYSIS = YES;
				CLANG_WARN_STRICT_PROTOTYPES = YES;
				CLANG_WARN_SUSPICIOUS_MOVE = YES;
				CLANG_WARN_UNGUARDED_AVAILABILITY = YES_AGGRESSIVE;
				CLANG_WARN_UNREACHABLE_CODE = YES;
				CLANG_WARN__DUPLICATE_METHOD_MATCH = YES;
				COPY_PHASE_STRIP = NO;
				DEBUG_INFORMATION_FORMAT = "dwarf-with-dsym";
				DEVELOPMENT_TEAM = F8M4T754W4;
				ENABLE_NS_ASSERTIONS = NO;
				ENABLE_STRICT_OBJC_MSGSEND = YES;
				"EXCLUDED_ARCHS[sdk=macosx*]" = x86_64;
				GCC_C_LANGUAGE_STANDARD = gnu11;
				GCC_NO_COMMON_BLOCKS = YES;
				GCC_WARN_64_TO_32_BIT_CONVERSION = YES;
				GCC_WARN_ABOUT_RETURN_TYPE = YES_ERROR;
				GCC_WARN_UNDECLARED_SELECTOR = YES;
				GCC_WARN_UNINITIALIZED_AUTOS = YES_AGGRESSIVE;
				GCC_WARN_UNUSED_FUNCTION = YES;
				GCC_WARN_UNUSED_VARIABLE = YES;
				MACOSX_DEPLOYMENT_TARGET = 26.0;
				MTL_ENABLE_DEBUG_INFO = NO;
				MTL_FAST_MATH = YES;
				PRODUCT_NAME = "$(TARGET_NAME)";
				SDKROOT = macosx;
				SWIFT_COMPILATION_MODE = wholemodule;
				SWIFT_OPTIMIZATION_LEVEL = "-O";
				SWIFT_VERSION = 5.0;
			};
			name = Release;
		};
		9526B23E1E73C345A9804213 /* Debug */ = {
			isa = XCBuildConfiguration;
			buildSettings = {
				BUNDLE_LOADER = "$(TEST_HOST)";
				COMBINE_HIDPI_IMAGES = YES;
				GENERATE_INFOPLIST_FILE = YES;
				LD_RUNPATH_SEARCH_PATHS = (
					"$(inherited)",
					"@executable_path/../Frameworks",
					"@loader_path/../Frameworks",
				);
				MACOSX_DEPLOYMENT_TARGET = 26.0;
				PRODUCT_BUNDLE_IDENTIFIER = com.iamwilliamli.LiveTranscriber.mac.tests;
				SDKROOT = macosx;
				TEST_HOST = "$(BUILT_PRODUCTS_DIR)/Live Transcriber.app/Contents/MacOS/Live Transcriber";
			};
			name = Debug;
		};
		D4E1D683C8D1EFA6A3E7C48F /* Debug */ = {
			isa = XCBuildConfiguration;
			buildSettings = {
				ALWAYS_SEARCH_USER_PATHS = NO;
				ARCHS = arm64;
				CLANG_ANALYZER_NONNULL = YES;
				CLANG_ANALYZER_NUMBER_OBJECT_CONVERSION = YES_AGGRESSIVE;
				CLANG_CXX_LANGUAGE_STANDARD = "gnu++14";
				CLANG_CXX_LIBRARY = "libc++";
				CLANG_ENABLE_MODULES = YES;
				CLANG_ENABLE_OBJC_ARC = YES;
				CLANG_ENABLE_OBJC_WEAK = YES;
				CLANG_WARN_BLOCK_CAPTURE_AUTORELEASING = YES;
				CLANG_WARN_BOOL_CONVERSION = YES;
				CLANG_WARN_COMMA = YES;
				CLANG_WARN_CONSTANT_CONVERSION = YES;
				CLANG_WARN_DEPRECATED_OBJC_IMPLEMENTATIONS = YES;
				CLANG_WARN_DIRECT_OBJC_ISA_USAGE = YES_ERROR;
				CLANG_WARN_DOCUMENTATION_COMMENTS = YES;
				CLANG_WARN_EMPTY_BODY = YES;
				CLANG_WARN_ENUM_CONVERSION = YES;
				CLANG_WARN_INFINITE_RECURSION = YES;
				CLANG_WARN_INT_CONVERSION = YES;
				CLANG_WARN_NON_LITERAL_NULL_CONVERSION = YES;
				CLANG_WARN_OBJC_IMPLICIT_RETAIN_SELF = YES;
				CLANG_WARN_OBJC_LITERAL_CONVERSION = YES;
				CLANG_WARN_OBJC_ROOT_CLASS = YES_ERROR;
				CLANG_WARN_QUOTED_INCLUDE_IN_FRAMEWORK_HEADER = YES;
				CLANG_WARN_RANGE_LOOP_ANALYSIS = YES;
				CLANG_WARN_STRICT_PROTOTYPES = YES;
				CLANG_WARN_SUSPICIOUS_MOVE = YES;
				CLANG_WARN_UNGUARDED_AVAILABILITY = YES_AGGRESSIVE;
				CLANG_WARN_UNREACHABLE_CODE = YES;
				CLANG_WARN__DUPLICATE_METHOD_MATCH = YES;
				COPY_PHASE_STRIP = NO;
				DEBUG_INFORMATION_FORMAT = dwarf;
				DEVELOPMENT_TEAM = F8M4T754W4;
				ENABLE_STRICT_OBJC_MSGSEND = YES;
				ENABLE_TESTABILITY = YES;
				"EXCLUDED_ARCHS[sdk=macosx*]" = x86_64;
				GCC_C_LANGUAGE_STANDARD = gnu11;
				GCC_DYNAMIC_NO_PIC = NO;
				GCC_NO_COMMON_BLOCKS = YES;
				GCC_OPTIMIZATION_LEVEL = 0;
				GCC_PREPROCESSOR_DEFINITIONS = (
					"$(inherited)",
					"DEBUG=1",
				);
				GCC_WARN_64_TO_32_BIT_CONVERSION = YES;
				GCC_WARN_ABOUT_RETURN_TYPE = YES_ERROR;
				GCC_WARN_UNDECLARED_SELECTOR = YES;
				GCC_WARN_UNINITIALIZED_AUTOS = YES_AGGRESSIVE;
				GCC_WARN_UNUSED_FUNCTION = YES;
				GCC_WARN_UNUSED_VARIABLE = YES;
				MACOSX_DEPLOYMENT_TARGET = 26.0;
				MTL_ENABLE_DEBUG_INFO = INCLUDE_SOURCE;
				MTL_FAST_MATH = YES;
				ONLY_ACTIVE_ARCH = YES;
				PRODUCT_NAME = "$(TARGET_NAME)";
				SDKROOT = macosx;
				SWIFT_ACTIVE_COMPILATION_CONDITIONS = DEBUG;
				SWIFT_OPTIMIZATION_LEVEL = "-Onone";
				SWIFT_VERSION = 5.0;
			};
			name = Debug;
		};
/* End XCBuildConfiguration section */

/* Begin XCConfigurationList section */
		CD18CEAA87E05E6D949C57BE /* Build configuration list for PBXNativeTarget "LiveTranscriberMacTests" */ = {
			isa = XCConfigurationList;
			buildConfigurations = (
				9526B23E1E73C345A9804213 /* Debug */,
				5D4BC74885AA65B818E624E8 /* Release */,
			);
			defaultConfigurationIsVisible = 0;
			defaultConfigurationName = Debug;
		};
		EBE06B15A61F38E8B6EDE506 /* Build configuration list for PBXNativeTarget "LiveTranscriberMac" */ = {
			isa = XCConfigurationList;
			buildConfigurations = (
				3E7E0E150B5EF668215A57F6 /* Debug */,
				42BEBE279BD80E0DAE4DE8FE /* Release */,
			);
			defaultConfigurationIsVisible = 0;
			defaultConfigurationName = Debug;
		};
		EE37AF8B77D51F28B9EF5624 /* Build configuration list for PBXProject "LiveTranscriberMac" */ = {
			isa = XCConfigurationList;
			buildConfigurations = (
				D4E1D683C8D1EFA6A3E7C48F /* Debug */,
				8E9EA696E7345AAF73ED5A65 /* Release */,
			);
			defaultConfigurationIsVisible = 0;
			defaultConfigurationName = Debug;
		};
/* End XCConfigurationList section */

/* Begin XCLocalSwiftPackageReference section */
		339FE1848B032029F78F6B5C /* XCLocalSwiftPackageReference "../Vendor/MLXAudioMOSS" */ = {
			isa = XCLocalSwiftPackageReference;
			relativePath = ../Vendor/MLXAudioMOSS;
		};
		8D4C5B570667A664567F54EB /* XCLocalSwiftPackageReference "../Packages/TranscriberDomain" */ = {
			isa = XCLocalSwiftPackageReference;
			relativePath = ../Packages/TranscriberDomain;
		};
		915251F70FF4898C32C5E2CA /* XCLocalSwiftPackageReference "../Packages/Qwen3Speech" */ = {
			isa = XCLocalSwiftPackageReference;
			relativePath = ../Packages/Qwen3Speech;
		};
/* End XCLocalSwiftPackageReference section */

/* Begin XCSwiftPackageProductDependency section */
		24FE01861B9B42129E29F29E /* Qwen3ASR */ = {
			isa = XCSwiftPackageProductDependency;
			productName = Qwen3ASR;
		};
		65A09FC313CDF5F880C7F21A /* MLXAudioCore */ = {
			isa = XCSwiftPackageProductDependency;
			productName = MLXAudioCore;
		};
		6CDEFD7C2E0E757604993993 /* TranscriberDomain */ = {
			isa = XCSwiftPackageProductDependency;
			productName = TranscriberDomain;
		};
		7E37FA2ADBA66E438F18FEBD /* MLXAudioSTT */ = {
			isa = XCSwiftPackageProductDependency;
			productName = MLXAudioSTT;
		};
		B514CD646E50CFF75485A278 /* TranscriberCore */ = {
			isa = XCSwiftPackageProductDependency;
			productName = TranscriberCore;
		};
		BB48017B57B4962940CBA33F /* SpeechVAD */ = {
			isa = XCSwiftPackageProductDependency;
			productName = SpeechVAD;
		};
		E0B2A813EFB2F988E6C1C94A /* TranscriberDomain */ = {
			isa = XCSwiftPackageProductDependency;
			productName = TranscriberDomain;
		};
		E136894C5318D4A1DBE2CB5D /* AudioCommon */ = {
			isa = XCSwiftPackageProductDependency;
			productName = AudioCommon;
		};
/* End XCSwiftPackageProductDependency section */
	};
	rootObject = E67CA6EEF2536957A7550E0F /* Project object */;
}
